
Microsoft Visual Studio Solution File, Format Version 12.00
# Visual Studio Version 18
VisualStudioVersion = 18.9.12112.369
MinimumVisualStudioVersion = 10.0.40219.1
Project("{2150E333-8FDC-42A3-9474-1A3956D46DE8}") = "Solution Items", "Solution Items", "{E74CD4FE-CB4A-4968-B282-C0118BBF63DA}"
	ProjectSection(SolutionItems) = preProject
		.github\workflows\cibuild.yml = .github\workflows\cibuild.yml
		Directory.Build.props = Directory.Build.props
		KoenZomers.Ring.Api.snk = KoenZomers.Ring.Api.snk
	EndProjectSection
EndProject
Project("{2150E333-8FDC-42A3-9474-1A3956D46DE8}") = "Documentation", "Documentation", "{12C92BB7-7D1A-49F5-AD96-2101FEE61C8E}"
	ProjectSection(SolutionItems) = preProject
		README.md = README.md
	EndProjectSection
EndProject
Project("{2150E333-8FDC-42A3-9474-1A3956D46DE8}") = "Images", "Images", "{5D858129-BB53-446B-B8B8-C83D383F7F1C}"
EndProject
Project("{FAE04EC0-301F-11D3-BF4B-00C04F79EFBC}") = "Ring.Api.Auth", "src\auth\Ring.Api.Auth.csproj", "{C3787CB7-7901-40C8-AA03-662DF03668BD}"
EndProject
Project("{FAE04EC0-301F-11D3-BF4B-00C04F79EFBC}") = "Ring.Api.Auth.Tests", "src\auth\tests\Ring.Api.Auth.Tests.csproj", "{2DF1C2E9-3E06-4816-89FC-F7CD4CB69082}"
EndProject
Project("{FAE04EC0-301F-11D3-BF4B-00C04F79EFBC}") = "Ring.Api.Video", "src\video\Ring.Api.Video.csproj", "{AF4C4891-24DC-44EC-8344-4501EEC392F4}"
EndProject
Project("{FAE04EC0-301F-11D3-BF4B-00C04F79EFBC}") = "Ring.Api.Video.Tests", "src\video\tests\Ring.Api.Video.Tests.csproj", "{7423B159-3B05-49C7-B34D-7074F10DF00E}"
EndProject
Project("{FAE04EC0-301F-11D3-BF4B-00C04F79EFBC}") = "Ring.Api.Common", "src\common\Ring.Api.Common.csproj", "{E8B3D4B2-5C8A-4F2E-9D1A-7B4C2A6E8F5D}"
EndProject
Project("{FAE04EC0-301F-11D3-BF4B-00C04F79EFBC}") = "Ring.Api.Common.Tests", "src\common\tests\Ring.Api.Common.Tests.csproj", "{F9C4E5C3-6D9B-5A3F-AE2B-8C5D3B7F9E6E}"
EndProject
Project("{FAE04EC0-301F-11D3-BF4B-00C04F79EFBC}") = "Ring.Api.Core", "src\core\Ring.Api.Core.csproj", "{D7A2C1B0-4F6E-3E2D-1C0B-9A8B7C6D5E4F}"
EndProject
Project("{FAE04EC0-301F-11D3-BF4B-00C04F79EFBC}") = "Ring.Api.Core.Tests", "src\core\tests\Ring.Api.Core.Tests.csproj", "{E8A3F2D1-7B0C-6C4A-BF3C-0D6E4C8F1A7B}"
EndProject
Global
	GlobalSection(SolutionConfigurationPlatforms) = preSolution
		Debug|Any CPU = Debug|Any CPU
		Debug|x64 = Debug|x64
		Debug|x86 = Debug|x86
		Release|Any CPU = Release|Any CPU
		Release|x64 = Release|x64
		Release|x86 = Release|x86
	EndGlobalSection
	GlobalSection(ProjectConfigurationPlatforms) = postSolution
		{C3787CB7-7901-40C8-AA03-662DF03668BD}.Debug|Any CPU.ActiveCfg = Debug|Any CPU
		{C3787CB7-7901-40C8-AA03-662DF03668BD}.Debug|Any CPU.Build.0 = Debug|Any CPU
		{C3787CB7-7901-40C8-AA03-662DF03668BD}.Debug|x64.ActiveCfg = Debug|Any CPU
		{C3787CB7-7901-40C8-AA03-662DF03668BD}.Debug|x64.Build.0 = Debug|Any CPU
		{C3787CB7-7901-40C8-AA03-662DF03668BD}.Debug|x86.ActiveCfg = Debug|Any CPU
		{C3787CB7-7901-40C8-AA03-662DF03668BD}.Debug|x86.Build.0 = Debug|Any CPU
		{C3787CB7-7901-40C8-AA03-662DF03668BD}.Release|Any CPU.ActiveCfg = Release|Any CPU
		{C3787CB7-7901-40C8-AA03-662DF03668BD}.Release|Any CPU.Build.0 = Release|Any CPU
		{C3787CB7-7901-40C8-AA03-662DF03668BD}.Release|x64.ActiveCfg = Release|Any CPU
		{C3787CB7-7901-40C8-AA03-662DF03668BD}.Release|x64.Build.0 = Release|Any CPU
		{C3787CB7-7901-40C8-AA03-662DF03668BD}.Release|x86.ActiveCfg = Release|Any CPU
		{C3787CB7-7901-40C8-AA03-662DF03668BD}.Release|x86.Build.0 = Release|Any CPU
		{2DF1C2E9-3E06-4816-89FC-F7CD4CB69082}.Debug|Any CPU.ActiveCfg = Debug|Any CPU
		{2DF1C2E9-3E06-4816-89FC-F7CD4CB69082}.Debug|Any CPU.Build.0 = Debug|Any CPU
		{2DF1C2E9-3E06-4816-89FC-F7CD4CB69082}.Debug|x64.ActiveCfg = Debug|Any CPU
		{2DF1C2E9-3E06-4816-89FC-F7CD4CB69082}.Debug|x64.Build.0 = Debug|Any CPU
		{2DF1C2E9-3E06-4816-89FC-F7CD4CB69082}.Debug|x86.ActiveCfg = Debug|Any CPU
		{2DF1C2E9-3E06-4816-89FC-F7CD4CB69082}.Debug|x86.Build.0 = Debug|Any CPU
		{2DF1C2E9-3E06-4816-89FC-F7CD4CB69082}.Release|Any CPU.ActiveCfg = Release|Any CPU
		{2DF1C2E9-3E06-4816-89FC-F7CD4CB69082}.Release|Any CPU.Build.0 = Release|Any CPU
		{2DF1C2E9-3E06-4816-89FC-F7CD4CB69082}.Release|x64.ActiveCfg = Release|Any CPU
		{2DF1C2E9-3E06-4816-89FC-F7CD4CB69082}.Release|x64.Build.0 = Release|Any CPU
		{2DF1C2E9-3E06-4816-89FC-F7CD4CB69082}.Release|x86.ActiveCfg = Release|Any CPU
		{2DF1C2E9-3E06-4816-89FC-F7CD4CB69082}.Release|x86.Build.0 = Release|Any CPU
		{AF4C4891-24DC-44EC-8344-4501EEC392F4}.Debug|Any CPU.ActiveCfg = Debug|Any CPU
		{AF4C4891-24DC-44EC-8344-4501EEC392F4}.Debug|Any CPU.Build.0 = Debug|Any CPU
		{AF4C4891-24DC-44EC-8344-4501EEC392F4}.Debug|x64.ActiveCfg = Debug|Any CPU
		{AF4C4891-24DC-44EC-8344-4501EEC392F4}.Debug|x64.Build.0 = Debug|Any CPU
		{AF4C4891-24DC-44EC-8344-4501EEC392F4}.Debug|x86.ActiveCfg = Debug|Any CPU
		{AF4C4891-24DC-44EC-8344-4501EEC392F4}.Debug|x86.Build.0 = Debug|Any CPU
		{AF4C4891-24DC-44EC-8344-4501EEC392F4}.Release|Any CPU.ActiveCfg = Release|Any CPU
		{AF4C4891-24DC-44EC-8344-4501EEC392F4}.Release|Any CPU.Build.0 = Release|Any CPU
		{AF4C4891-24DC-44EC-8344-4501EEC392F4}.Release|x64.ActiveCfg = Release|Any CPU
		{AF4C4891-24DC-44EC-8344-4501EEC392F4}.Release|x64.Build.0 = Release|Any CPU
		{AF4C4891-24DC-44EC-8344-4501EEC392F4}.Release|x86.ActiveCfg = Release|Any CPU
		{AF4C4891-24DC-44EC-8344-4501EEC392F4}.Release|x86.Build.0 = Release|Any CPU
		{7423B159-3B05-49C7-B34D-7074F10DF00E}.Debug|Any CPU.ActiveCfg = Debug|Any CPU
		{7423B159-3B05-49C7-B34D-7074F10DF00E}.Debug|Any CPU.Build.0 = Debug|Any CPU
		{7423B159-3B05-49C7-B34D-7074F10DF00E}.Debug|x64.ActiveCfg = Debug|Any CPU
		{7423B159-3B05-49C7-B34D-7074F10DF00E}.Debug|x64.Build.0 = Debug|Any CPU
		{7423B159-3B05-49C7-B34D-7074F10DF00E}.Debug|x86.ActiveCfg = Debug|Any CPU
		{7423B159-3B05-49C7-B34D-7074F10DF00E}.Debug|x86.Build.0 = Debug|Any CPU
		{7423B159-3B05-49C7-B34D-7074F10DF00E}.Release|Any CPU.ActiveCfg = Release|Any CPU
		{7423B159-3B05-49C7-B34D-7074F10DF00E}.Release|Any CPU.Build.0 = Release|Any CPU
		{7423B159-3B05-49C7-B34D-7074F10DF00E}.Release|x64.ActiveCfg = Release|Any CPU
		{7423B159-3B05-49C7-B34D-7074F10DF00E}.Release|x64.Build.0 = Release|Any CPU
		{7423B159-3B05-49C7-B34D-7074F10DF00E}.Release|x86.ActiveCfg = Release|Any CPU
		{7423B159-3B05-49C7-B34D-7074F10DF00E}.Release|x86.Build.0 = Release|Any CPU
		{E8B3D4B2-5C8A-4F2E-9D1A-7B4C2A6E8F5D}.Debug|Any CPU.ActiveCfg = Debug|Any CPU
		{E8B3D4B2-5C8A-4F2E-9D1A-7B4C2A6E8F5D}.Debug|Any CPU.Build.0 = Debug|Any CPU
		{E8B3D4B2-5C8A-4F2E-9D1A-7B4C2A6E8F5D}.Debug|x64.ActiveCfg = Debug|Any CPU
		{E8B3D4B2-5C8A-4F2E-9D1A-7B4C2A6E8F5D}.Debug|x64.Build.0 = Debug|Any CPU
		{E8B3D4B2-5C8A-4F2E-9D1A-7B4C2A6E8F5D}.Debug|x86.ActiveCfg = Debug|Any CPU
		{E8B3D4B2-5C8A-4F2E-9D1A-7B4C2A6E8F5D}.Debug|x86.Build.0 = Debug|Any CPU
		{E8B3D4B2-5C8A-4F2E-9D1A-7B4C2A6E8F5D}.Release|Any CPU.ActiveCfg = Release|Any CPU
		{E8B3D4B2-5C8A-4F2E-9D1A-7B4C2A6E8F5D}.Release|Any CPU.Build.0 = Release|Any CPU
		{E8B3D4B2-5C8A-4F2E-9D1A-7B4C2A6E8F5D}.Release|x64.ActiveCfg = Release|Any CPU
		{E8B3D4B2-5C8A-4F2E-9D1A-7B4C2A6E8F5D}.Release|x64.Build.0 = Release|Any CPU
		{E8B3D4B2-5C8A-4F2E-9D1A-7B4C2A6E8F5D}.Release|x86.ActiveCfg = Release|Any CPU
		{E8B3D4B2-5C8A-4F2E-9D1A-7B4C2A6E8F5D}.Release|x86.Build.0 = Release|Any CPU
		{F9C4E5C3-6D9B-5A3F-AE2B-8C5D3B7F9E6E}.Debug|Any CPU.ActiveCfg = Debug|Any CPU
		{F9C4E5C3-6D9B-5A3F-AE2B-8C5D3B7F9E6E}.Debug|Any CPU.Build.0 = Debug|Any CPU
		{F9C4E5C3-6D9B-5A3F-AE2B-8C5D3B7F9E6E}.Debug|x64.ActiveCfg = Debug|Any CPU
		{F9C4E5C3-6D9B-5A3F-AE2B-8C5D3B7F9E6E}.Debug|x64.Build.0 = Debug|Any CPU
		{F9C4E5C3-6D9B-5A3F-AE2B-8C5D3B7F9E6E}.Debug|x86.ActiveCfg = Debug|Any CPU
		{F9C4E5C3-6D9B-5A3F-AE2B-8C5D3B7F9E6E}.Debug|x86.Build.0 = Debug|Any CPU
		{F9C4E5C3-6D9B-5A3F-AE2B-8C5D3B7F9E6E}.Release|Any CPU.ActiveCfg = Release|Any CPU
		{F9C4E5C3-6D9B-5A3F-AE2B-8C5D3B7F9E6E}.Release|Any CPU.Build.0 = Release|Any CPU
		{F9C4E5C3-6D9B-5A3F-AE2B-8C5D3B7F9E6E}.Release|x64.ActiveCfg = Release|Any CPU
		{F9C4E5C3-6D9B-5A3F-AE2B-8C5D3B7F9E6E}.Release|x64.Build.0 = Release|Any CPU
		{F9C4E5C3-6D9B-5A3F-AE2B-8C5D3B7F9E6E}.Release|x86.ActiveCfg = Release|Any CPU
		{F9C4E5C3-6D9B-5A3F-AE2B-8C5D3B7F9E6E}.Release|x86.Build.0 = Release|Any CPU
		{D7A2C1B0-4F6E-3E2D-1C0B-9A8B7C6D5E4F}.Debug|Any CPU.ActiveCfg = Debug|Any CPU
		{D7A2C1B0-4F6E-3E2D-1C0B-9A8B7C6D5E4F}.Debug|Any CPU.Build.0 = Debug|Any CPU
		{D7A2C1B0-4F6E-3E2D-1C0B-9A8B7C6D5E4F}.Debug|x64.ActiveCfg = Debug|Any CPU
		{D7A2C1B0-4F6E-3E2D-1C0B-9A8B7C6D5E4F}.Debug|x64.Build.0 = Debug|Any CPU
		{D7A2C1B0-4F6E-3E2D-1C0B-9A8B7C6D5E4F}.Debug|x86.ActiveCfg = Debug|Any CPU
		{D7A2C1B0-4F6E-3E2D-1C0B-9A8B7C6D5E4F}.Debug|x86.Build.0 = Debug|Any CPU
		{D7A2C1B0-4F6E-3E2D-1C0B-9A8B7C6D5E4F}.Release|Any CPU.ActiveCfg = Release|Any CPU
		{D7A2C1B0-4F6E-3E2D-1C0B-9A8B7C6D5E4F}.Release|Any CPU.Build.0 = Release|Any CPU
		{D7A2C1B0-4F6E-3E2D-1C0B-9A8B7C6D5E4F}.Release|x64.ActiveCfg = Release|Any CPU
		{D7A2C1B0-4F6E-3E2D-1C0B-9A8B7C6D5E4F}.Release|x64.Build.0 = Release|Any CPU
		{D7A2C1B0-4F6E-3E2D-1C0B-9A8B7C6D5E4F}.Release|x86.ActiveCfg = Release|Any CPU
		{D7A2C1B0-4F6E-3E2D-1C0B-9A8B7C6D5E4F}.Release|x86.Build.0 = Release|Any CPU
		{E8A3F2D1-7B0C-6C4A-BF3C-0D6E4C8F1A7B}.Debug|Any CPU.ActiveCfg = Debug|Any CPU
		{E8A3F2D1-7B0C-6C4A-BF3C-0D6E4C8F1A7B}.Debug|Any CPU.Build.0 = Debug|Any CPU
		{E8A3F2D1-7B0C-6C4A-BF3C-0D6E4C8F1A7B}.Debug|x64.ActiveCfg = Debug|Any CPU
		{E8A3F2D1-7B0C-6C4A-BF3C-0D6E4C8F1A7B}.Debug|x64.Build.0 = Debug|Any CPU
		{E8A3F2D1-7B0C-6C4A-BF3C-0D6E4C8F1A7B}.Debug|x86.ActiveCfg = Debug|Any CPU
		{E8A3F2D1-7B0C-6C4A-BF3C-0D6E4C8F1A7B}.Debug|x86.Build.0 = Debug|Any CPU
		{E8A3F2D1-7B0C-6C4A-BF3C-0D6E4C8F1A7B}.Release|Any CPU.ActiveCfg = Release|Any CPU
		{E8A3F2D1-7B0C-6C4A-BF3C-0D6E4C8F1A7B}.Release|Any CPU.Build.0 = Release|Any CPU
		{E8A3F2D1-7B0C-6C4A-BF3C-0D6E4C8F1A7B}.Release|x64.ActiveCfg = Release|Any CPU
		{E8A3F2D1-7B0C-6C4A-BF3C-0D6E4C8F1A7B}.Release|x64.Build.0 = Release|Any CPU
		{E8A3F2D1-7B0C-6C4A-BF3C-0D6E4C8F1A7B}.Release|x86.ActiveCfg = Release|Any CPU
		{E8A3F2D1-7B0C-6C4A-BF3C-0D6E4C8F1A7B}.Release|x86.Build.0 = Release|Any CPU
	EndGlobalSection
	GlobalSection(SolutionProperties) = preSolution
		HideSolutionNode = FALSE
	EndGlobalSection
	GlobalSection(NestedProjects) = preSolution
		{5D858129-BB53-446B-B8B8-C83D383F7F1C} = {12C92BB7-7D1A-49F5-AD96-2101FEE61C8E}
	EndGlobalSection
	GlobalSection(ExtensibilityGlobals) = postSolution
		SolutionGuid = {6BE0AB9A-7987-4F1D-AEA9-4B7C85BBF04D}
	EndGlobalSection
EndGlobal
