
Microsoft Visual Studio Solution File, Format Version 12.00
# Visual Studio Version 18
VisualStudioVersion = 18.9.12112.369
MinimumVisualStudioVersion = 10.0.40219.1
Project("{2150E333-8FDC-42A3-9474-1A3956D46DE8}") = "Solution Items", "Solution Items", "{E74CD4FE-CB4A-4968-B282-C0118BBF63DA}"
	ProjectSection(SolutionItems) = preProject
		..\.github\workflows\cibuild.yml = ..\.github\workflows\cibuild.yml
		Directory.Build.props = Directory.Build.props
		..\KoenZomers.Ring.Api.snk = ..\KoenZomers.Ring.Api.snk
	EndProjectSection
EndProject
Project("{2150E333-8FDC-42A3-9474-1A3956D46DE8}") = "Documentation", "Documentation", "{12C92BB7-7D1A-49F5-AD96-2101FEE61C8E}"
	ProjectSection(SolutionItems) = preProject
		..\README.md = ..\README.md
	EndProjectSection
EndProject
Project("{2150E333-8FDC-42A3-9474-1A3956D46DE8}") = "Images", "Images", "{5D858129-BB53-446B-B8B8-C83D383F7F1C}"
EndProject
Project("{FAE04EC0-301F-11D3-BF4B-00C04F79EFBC}") = "Ring.Api.Utils", "utils\Ring.Api.Utils.csproj", "{A1B2C3D4-E5F6-4A7B-8C9D-0E1F2A3B4C5D}"
EndProject
Project("{FAE04EC0-301F-11D3-BF4B-00C04F79EFBC}") = "Ring.Api.Utils.Tests", "utils\tests\Ring.Api.Utils.Tests.csproj", "{A2B3C4D5-E6F7-5A8B-9C0D-1F2A3B4C5D6E}"
EndProject
Project("{FAE04EC0-301F-11D3-BF4B-00C04F79EFBC}") = "Ring.Api.SelfTester", "selftest\Ring.Api.SelfTester.csproj", "{B2C3D4E5-F6A7-4B8C-9D0E-1F2A3B4C5D6E}"
EndProject
Project("{FAE04EC0-301F-11D3-BF4B-00C04F79EFBC}") = "Ring.Api.Auth", "auth\Ring.Api.Auth.csproj", "{C3787CB7-7901-40C8-AA03-662DF03668BD}"
EndProject
Project("{FAE04EC0-301F-11D3-BF4B-00C04F79EFBC}") = "Ring.Api.Auth.Tests", "auth\tests\Ring.Api.Auth.Tests.csproj", "{2DF1C2E9-3E06-4816-89FC-F7CD4CB69082}"
EndProject
Project("{FAE04EC0-301F-11D3-BF4B-00C04F79EFBC}") = "Ring.Api.Video", "video\Ring.Api.Video.csproj", "{AF4C4891-24DC-44EC-8344-4501EEC392F4}"
EndProject
Project("{FAE04EC0-301F-11D3-BF4B-00C04F79EFBC}") = "Ring.Api.Video.Tests", "video\tests\Ring.Api.Video.Tests.csproj", "{7423B159-3B05-49C7-B34D-7074F10DF00E}"
EndProject
Project("{FAE04EC0-301F-11D3-BF4B-00C04F79EFBC}") = "Ring.Api.Video.Metadata", "video\metadata\Ring.Api.Video.Metadata.csproj", "{6BBBC9B6-F05F-4B3A-A9C7-3AAEF7E60FA9}"
EndProject
Project("{FAE04EC0-301F-11D3-BF4B-00C04F79EFBC}") = "Ring.Api.Video.Metadata.Tests", "video\metadata\tests\Ring.Api.Video.Metadata.Tests.csproj", "{64BE75DB-7D9B-422A-9818-4B0D79CE5D7F}"
EndProject
Project("{FAE04EC0-301F-11D3-BF4B-00C04F79EFBC}") = "Ring.Api.Common", "common\Ring.Api.Common.csproj", "{E8B3D4B2-5C8A-4F2E-9D1A-7B4C2A6E8F5D}"
EndProject
Project("{FAE04EC0-301F-11D3-BF4B-00C04F79EFBC}") = "Ring.Api.Common.Tests", "common\tests\Ring.Api.Common.Tests.csproj", "{F9C4E5C3-6D9B-5A3F-AE2B-8C5D3B7F9E6E}"
EndProject
Project("{FAE04EC0-301F-11D3-BF4B-00C04F79EFBC}") = "Ring.Api.Core", "core\Ring.Api.Core.csproj", "{D7A2C1B0-4F6E-3E2D-1C0B-9A8B7C6D5E4F}"
EndProject
Project("{FAE04EC0-301F-11D3-BF4B-00C04F79EFBC}") = "Ring.Api.Core.Tests", "core\tests\Ring.Api.Core.Tests.csproj", "{E8A3F2D1-7B0C-6C4A-BF3C-0D6E4C8F1A7B}"
EndProject
Project("{FAE04EC0-301F-11D3-BF4B-00C04F79EFBC}") = "Ring.Api.Snapshots", "snapshots\Ring.Api.Snapshots.csproj", "{F0D5E4C3-8A1B-5D2E-CF4D-1E7F5A8B0D9C}"
EndProject
Project("{FAE04EC0-301F-11D3-BF4B-00C04F79EFBC}") = "Ring.Api.Snapshots.Tests", "snapshots\tests\Ring.Api.Snapshots.Tests.csproj", "{1F2E3D4C-5B6A-7D8E-9C0F-A1B2C3D4E5F6}"
EndProject
Project("{FAE04EC0-301F-11D3-BF4B-00C04F79EFBC}") = "Ring.Api.Snapshots.Metadata", "snapshots\metadata\Ring.Api.Snapshots.Metadata.csproj", "{7CD4E5F6-8A9B-1C2D-3E4F-5A6B7C8D9E0F}"
EndProject
Project("{FAE04EC0-301F-11D3-BF4B-00C04F79EFBC}") = "Ring.Api.Snapshots.Metadata.Tests", "snapshots\metadata\tests\Ring.Api.Snapshots.Metadata.Tests.csproj", "{5749BB8C-2CCA-4668-BBFC-7CC26B6541EE}"
EndProject
Project("{FAE04EC0-301F-11D3-BF4B-00C04F79EFBC}") = "Ring.Api", "api\Ring.Api.csproj", "{3A4B5C6D-7E8F-90A1-2B3C-4D5E6F7A8B9C}"
EndProject
Project("{2150E333-8FDC-42A3-9474-1A3956D46DE8}") = "Auth", "Auth", "{0C5F2A1A-448C-4D64-B4DE-751E5D86FE31}"
EndProject
Project("{2150E333-8FDC-42A3-9474-1A3956D46DE8}") = "Common", "Common", "{8CD6D3E8-A4D1-4D97-8DD7-FB5D0E81FA16}"
EndProject
Project("{2150E333-8FDC-42A3-9474-1A3956D46DE8}") = "Core", "Core", "{F364A6C7-9F23-448B-BB95-CC80656CD72D}"
EndProject
Project("{2150E333-8FDC-42A3-9474-1A3956D46DE8}") = "Utils", "Utils", "{0665B61D-B69C-4844-81E4-6E8110CABE7B}"
EndProject
Project("{2150E333-8FDC-42A3-9474-1A3956D46DE8}") = "Snapshots", "Snapshots", "{5126C3E5-4219-4B2B-BDA1-99009DA99C84}"
EndProject
Project("{2150E333-8FDC-42A3-9474-1A3956D46DE8}") = "Video", "Video", "{3BF80462-1EA2-4FFE-A341-48E1B0C1160D}"
EndProject
Project("{2150E333-8FDC-42A3-9474-1A3956D46DE8}") = "Metadata", "Metadata", "{2FC43724-E8C2-4B4E-9EEC-EFB05BB23B3A}"
EndProject
Project("{2150E333-8FDC-42A3-9474-1A3956D46DE8}") = "Metadata", "Metadata", "{1B2DF154-A3CA-4C1A-BD54-3DE2CA9FB5C3}"
EndProject
Global
	GlobalSection(SolutionConfigurationPlatforms) = preSolution
		Debug|Any CPU = Debug|Any CPU
		Debug|x64 = Debug|x64
		Debug|x86 = Debug|x86
		Release|Any CPU = Release|Any CPU
		Release|x64 = Release|x64
		Release|x86 = Release|x86
	EndGlobalSection
	GlobalSection(ProjectConfigurationPlatforms) = postSolution
		{A1B2C3D4-E5F6-4A7B-8C9D-0E1F2A3B4C5D}.Debug|Any CPU.ActiveCfg = Debug|Any CPU
		{A1B2C3D4-E5F6-4A7B-8C9D-0E1F2A3B4C5D}.Debug|Any CPU.Build.0 = Debug|Any CPU
		{A1B2C3D4-E5F6-4A7B-8C9D-0E1F2A3B4C5D}.Debug|x64.ActiveCfg = Debug|Any CPU
		{A1B2C3D4-E5F6-4A7B-8C9D-0E1F2A3B4C5D}.Debug|x64.Build.0 = Debug|Any CPU
		{A1B2C3D4-E5F6-4A7B-8C9D-0E1F2A3B4C5D}.Debug|x86.ActiveCfg = Debug|Any CPU
		{A1B2C3D4-E5F6-4A7B-8C9D-0E1F2A3B4C5D}.Debug|x86.Build.0 = Debug|Any CPU
		{A1B2C3D4-E5F6-4A7B-8C9D-0E1F2A3B4C5D}.Release|Any CPU.ActiveCfg = Release|Any CPU
		{A1B2C3D4-E5F6-4A7B-8C9D-0E1F2A3B4C5D}.Release|Any CPU.Build.0 = Release|Any CPU
		{A1B2C3D4-E5F6-4A7B-8C9D-0E1F2A3B4C5D}.Release|x64.ActiveCfg = Release|Any CPU
		{A1B2C3D4-E5F6-4A7B-8C9D-0E1F2A3B4C5D}.Release|x64.Build.0 = Release|Any CPU
		{A1B2C3D4-E5F6-4A7B-8C9D-0E1F2A3B4C5D}.Release|x86.ActiveCfg = Release|Any CPU
		{A1B2C3D4-E5F6-4A7B-8C9D-0E1F2A3B4C5D}.Release|x86.Build.0 = Release|Any CPU
		{A2B3C4D5-E6F7-5A8B-9C0D-1F2A3B4C5D6E}.Debug|Any CPU.ActiveCfg = Debug|Any CPU
		{A2B3C4D5-E6F7-5A8B-9C0D-1F2A3B4C5D6E}.Debug|Any CPU.Build.0 = Debug|Any CPU
		{A2B3C4D5-E6F7-5A8B-9C0D-1F2A3B4C5D6E}.Debug|x64.ActiveCfg = Debug|Any CPU
		{A2B3C4D5-E6F7-5A8B-9C0D-1F2A3B4C5D6E}.Debug|x64.Build.0 = Debug|Any CPU
		{A2B3C4D5-E6F7-5A8B-9C0D-1F2A3B4C5D6E}.Debug|x86.ActiveCfg = Debug|Any CPU
		{A2B3C4D5-E6F7-5A8B-9C0D-1F2A3B4C5D6E}.Debug|x86.Build.0 = Debug|Any CPU
		{A2B3C4D5-E6F7-5A8B-9C0D-1F2A3B4C5D6E}.Release|Any CPU.ActiveCfg = Release|Any CPU
		{A2B3C4D5-E6F7-5A8B-9C0D-1F2A3B4C5D6E}.Release|Any CPU.Build.0 = Release|Any CPU
		{A2B3C4D5-E6F7-5A8B-9C0D-1F2A3B4C5D6E}.Release|x64.ActiveCfg = Release|Any CPU
		{A2B3C4D5-E6F7-5A8B-9C0D-1F2A3B4C5D6E}.Release|x64.Build.0 = Release|Any CPU
		{A2B3C4D5-E6F7-5A8B-9C0D-1F2A3B4C5D6E}.Release|x86.ActiveCfg = Release|Any CPU
		{A2B3C4D5-E6F7-5A8B-9C0D-1F2A3B4C5D6E}.Release|x86.Build.0 = Release|Any CPU
		{B2C3D4E5-F6A7-4B8C-9D0E-1F2A3B4C5D6E}.Debug|Any CPU.ActiveCfg = Debug|Any CPU
		{B2C3D4E5-F6A7-4B8C-9D0E-1F2A3B4C5D6E}.Debug|Any CPU.Build.0 = Debug|Any CPU
		{B2C3D4E5-F6A7-4B8C-9D0E-1F2A3B4C5D6E}.Debug|x64.ActiveCfg = Debug|Any CPU
		{B2C3D4E5-F6A7-4B8C-9D0E-1F2A3B4C5D6E}.Debug|x64.Build.0 = Debug|Any CPU
		{B2C3D4E5-F6A7-4B8C-9D0E-1F2A3B4C5D6E}.Debug|x86.ActiveCfg = Debug|Any CPU
		{B2C3D4E5-F6A7-4B8C-9D0E-1F2A3B4C5D6E}.Debug|x86.Build.0 = Debug|Any CPU
		{B2C3D4E5-F6A7-4B8C-9D0E-1F2A3B4C5D6E}.Release|Any CPU.ActiveCfg = Release|Any CPU
		{B2C3D4E5-F6A7-4B8C-9D0E-1F2A3B4C5D6E}.Release|Any CPU.Build.0 = Release|Any CPU
		{B2C3D4E5-F6A7-4B8C-9D0E-1F2A3B4C5D6E}.Release|x64.ActiveCfg = Release|Any CPU
		{B2C3D4E5-F6A7-4B8C-9D0E-1F2A3B4C5D6E}.Release|x64.Build.0 = Release|Any CPU
		{B2C3D4E5-F6A7-4B8C-9D0E-1F2A3B4C5D6E}.Release|x86.ActiveCfg = Release|Any CPU
		{B2C3D4E5-F6A7-4B8C-9D0E-1F2A3B4C5D6E}.Release|x86.Build.0 = Release|Any CPU
		{C3787CB7-7901-40C8-AA03-662DF03668BD}.Debug|Any CPU.ActiveCfg = Debug|Any CPU
		{C3787CB7-7901-40C8-AA03-662DF03668BD}.Debug|Any CPU.Build.0 = Debug|Any CPU
		{C3787CB7-7901-40C8-AA03-662DF03668BD}.Debug|x64.ActiveCfg = Debug|Any CPU
		{C3787CB7-7901-40C8-AA03-662DF03668BD}.Debug|x64.Build.0 = Debug|Any CPU
		{C3787CB7-7901-40C8-AA03-662DF03668BD}.Debug|x86.ActiveCfg = Debug|Any CPU
		{C3787CB7-7901-40C8-AA03-662DF03668BD}.Debug|x86.Build.0 = Debug|Any CPU
		{C3787CB7-7901-40C8-AA03-662DF03668BD}.Release|Any CPU.ActiveCfg = Release|Any CPU
		{C3787CB7-7901-40C8-AA03-662DF03668BD}.Release|Any CPU.Build.0 = Release|Any CPU
		{C3787CB7-7901-40C8-AA03-662DF03668BD}.Release|x64.ActiveCfg = Release|Any CPU
		{C3787CB7-7901-40C8-AA03-662DF03668BD}.Release|x64.Build.0 = Release|Any CPU
		{C3787CB7-7901-40C8-AA03-662DF03668BD}.Release|x86.ActiveCfg = Release|Any CPU
		{C3787CB7-7901-40C8-AA03-662DF03668BD}.Release|x86.Build.0 = Release|Any CPU
		{2DF1C2E9-3E06-4816-89FC-F7CD4CB69082}.Debug|Any CPU.ActiveCfg = Debug|Any CPU
		{2DF1C2E9-3E06-4816-89FC-F7CD4CB69082}.Debug|Any CPU.Build.0 = Debug|Any CPU
		{2DF1C2E9-3E06-4816-89FC-F7CD4CB69082}.Debug|x64.ActiveCfg = Debug|Any CPU
		{2DF1C2E9-3E06-4816-89FC-F7CD4CB69082}.Debug|x64.Build.0 = Debug|Any CPU
		{2DF1C2E9-3E06-4816-89FC-F7CD4CB69082}.Debug|x86.ActiveCfg = Debug|Any CPU
		{2DF1C2E9-3E06-4816-89FC-F7CD4CB69082}.Debug|x86.Build.0 = Debug|Any CPU
		{2DF1C2E9-3E06-4816-89FC-F7CD4CB69082}.Release|Any CPU.ActiveCfg = Release|Any CPU
		{2DF1C2E9-3E06-4816-89FC-F7CD4CB69082}.Release|Any CPU.Build.0 = Release|Any CPU
		{2DF1C2E9-3E06-4816-89FC-F7CD4CB69082}.Release|x64.ActiveCfg = Release|Any CPU
		{2DF1C2E9-3E06-4816-89FC-F7CD4CB69082}.Release|x64.Build.0 = Release|Any CPU
		{2DF1C2E9-3E06-4816-89FC-F7CD4CB69082}.Release|x86.ActiveCfg = Release|Any CPU
		{2DF1C2E9-3E06-4816-89FC-F7CD4CB69082}.Release|x86.Build.0 = Release|Any CPU
		{AF4C4891-24DC-44EC-8344-4501EEC392F4}.Debug|Any CPU.ActiveCfg = Debug|Any CPU
		{AF4C4891-24DC-44EC-8344-4501EEC392F4}.Debug|Any CPU.Build.0 = Debug|Any CPU
		{AF4C4891-24DC-44EC-8344-4501EEC392F4}.Debug|x64.ActiveCfg = Debug|Any CPU
		{AF4C4891-24DC-44EC-8344-4501EEC392F4}.Debug|x64.Build.0 = Debug|Any CPU
		{AF4C4891-24DC-44EC-8344-4501EEC392F4}.Debug|x86.ActiveCfg = Debug|Any CPU
		{AF4C4891-24DC-44EC-8344-4501EEC392F4}.Debug|x86.Build.0 = Debug|Any CPU
		{AF4C4891-24DC-44EC-8344-4501EEC392F4}.Release|Any CPU.ActiveCfg = Release|Any CPU
		{AF4C4891-24DC-44EC-8344-4501EEC392F4}.Release|Any CPU.Build.0 = Release|Any CPU
		{AF4C4891-24DC-44EC-8344-4501EEC392F4}.Release|x64.ActiveCfg = Release|Any CPU
		{AF4C4891-24DC-44EC-8344-4501EEC392F4}.Release|x64.Build.0 = Release|Any CPU
		{AF4C4891-24DC-44EC-8344-4501EEC392F4}.Release|x86.ActiveCfg = Release|Any CPU
		{AF4C4891-24DC-44EC-8344-4501EEC392F4}.Release|x86.Build.0 = Release|Any CPU
		{7423B159-3B05-49C7-B34D-7074F10DF00E}.Debug|Any CPU.ActiveCfg = Debug|Any CPU
		{7423B159-3B05-49C7-B34D-7074F10DF00E}.Debug|Any CPU.Build.0 = Debug|Any CPU
		{7423B159-3B05-49C7-B34D-7074F10DF00E}.Debug|x64.ActiveCfg = Debug|Any CPU
		{7423B159-3B05-49C7-B34D-7074F10DF00E}.Debug|x64.Build.0 = Debug|Any CPU
		{7423B159-3B05-49C7-B34D-7074F10DF00E}.Debug|x86.ActiveCfg = Debug|Any CPU
		{7423B159-3B05-49C7-B34D-7074F10DF00E}.Debug|x86.Build.0 = Debug|Any CPU
		{7423B159-3B05-49C7-B34D-7074F10DF00E}.Release|Any CPU.ActiveCfg = Release|Any CPU
		{7423B159-3B05-49C7-B34D-7074F10DF00E}.Release|Any CPU.Build.0 = Release|Any CPU
		{7423B159-3B05-49C7-B34D-7074F10DF00E}.Release|x64.ActiveCfg = Release|Any CPU
		{7423B159-3B05-49C7-B34D-7074F10DF00E}.Release|x64.Build.0 = Release|Any CPU
		{7423B159-3B05-49C7-B34D-7074F10DF00E}.Release|x86.ActiveCfg = Release|Any CPU
		{7423B159-3B05-49C7-B34D-7074F10DF00E}.Release|x86.Build.0 = Release|Any CPU
		{6BBBC9B6-F05F-4B3A-A9C7-3AAEF7E60FA9}.Debug|Any CPU.ActiveCfg = Debug|Any CPU
		{6BBBC9B6-F05F-4B3A-A9C7-3AAEF7E60FA9}.Debug|Any CPU.Build.0 = Debug|Any CPU
		{6BBBC9B6-F05F-4B3A-A9C7-3AAEF7E60FA9}.Debug|x64.ActiveCfg = Debug|Any CPU
		{6BBBC9B6-F05F-4B3A-A9C7-3AAEF7E60FA9}.Debug|x64.Build.0 = Debug|Any CPU
		{6BBBC9B6-F05F-4B3A-A9C7-3AAEF7E60FA9}.Debug|x86.ActiveCfg = Debug|Any CPU
		{6BBBC9B6-F05F-4B3A-A9C7-3AAEF7E60FA9}.Debug|x86.Build.0 = Debug|Any CPU
		{6BBBC9B6-F05F-4B3A-A9C7-3AAEF7E60FA9}.Release|Any CPU.ActiveCfg = Release|Any CPU
		{6BBBC9B6-F05F-4B3A-A9C7-3AAEF7E60FA9}.Release|Any CPU.Build.0 = Release|Any CPU
		{6BBBC9B6-F05F-4B3A-A9C7-3AAEF7E60FA9}.Release|x64.ActiveCfg = Release|Any CPU
		{6BBBC9B6-F05F-4B3A-A9C7-3AAEF7E60FA9}.Release|x64.Build.0 = Release|Any CPU
		{6BBBC9B6-F05F-4B3A-A9C7-3AAEF7E60FA9}.Release|x86.ActiveCfg = Release|Any CPU
		{6BBBC9B6-F05F-4B3A-A9C7-3AAEF7E60FA9}.Release|x86.Build.0 = Release|Any CPU
		{64BE75DB-7D9B-422A-9818-4B0D79CE5D7F}.Debug|Any CPU.ActiveCfg = Debug|Any CPU
		{64BE75DB-7D9B-422A-9818-4B0D79CE5D7F}.Debug|Any CPU.Build.0 = Debug|Any CPU
		{64BE75DB-7D9B-422A-9818-4B0D79CE5D7F}.Debug|x64.ActiveCfg = Debug|Any CPU
		{64BE75DB-7D9B-422A-9818-4B0D79CE5D7F}.Debug|x64.Build.0 = Debug|Any CPU
		{64BE75DB-7D9B-422A-9818-4B0D79CE5D7F}.Debug|x86.ActiveCfg = Debug|Any CPU
		{64BE75DB-7D9B-422A-9818-4B0D79CE5D7F}.Debug|x86.Build.0 = Debug|Any CPU
		{64BE75DB-7D9B-422A-9818-4B0D79CE5D7F}.Release|Any CPU.ActiveCfg = Release|Any CPU
		{64BE75DB-7D9B-422A-9818-4B0D79CE5D7F}.Release|Any CPU.Build.0 = Release|Any CPU
		{64BE75DB-7D9B-422A-9818-4B0D79CE5D7F}.Release|x64.ActiveCfg = Release|Any CPU
		{64BE75DB-7D9B-422A-9818-4B0D79CE5D7F}.Release|x64.Build.0 = Release|Any CPU
		{64BE75DB-7D9B-422A-9818-4B0D79CE5D7F}.Release|x86.ActiveCfg = Release|Any CPU
		{64BE75DB-7D9B-422A-9818-4B0D79CE5D7F}.Release|x86.Build.0 = Release|Any CPU
		{E8B3D4B2-5C8A-4F2E-9D1A-7B4C2A6E8F5D}.Debug|Any CPU.ActiveCfg = Debug|Any CPU
		{E8B3D4B2-5C8A-4F2E-9D1A-7B4C2A6E8F5D}.Debug|Any CPU.Build.0 = Debug|Any CPU
		{E8B3D4B2-5C8A-4F2E-9D1A-7B4C2A6E8F5D}.Debug|x64.ActiveCfg = Debug|Any CPU
		{E8B3D4B2-5C8A-4F2E-9D1A-7B4C2A6E8F5D}.Debug|x64.Build.0 = Debug|Any CPU
		{E8B3D4B2-5C8A-4F2E-9D1A-7B4C2A6E8F5D}.Debug|x86.ActiveCfg = Debug|Any CPU
		{E8B3D4B2-5C8A-4F2E-9D1A-7B4C2A6E8F5D}.Debug|x86.Build.0 = Debug|Any CPU
		{E8B3D4B2-5C8A-4F2E-9D1A-7B4C2A6E8F5D}.Release|Any CPU.ActiveCfg = Release|Any CPU
		{E8B3D4B2-5C8A-4F2E-9D1A-7B4C2A6E8F5D}.Release|Any CPU.Build.0 = Release|Any CPU
		{E8B3D4B2-5C8A-4F2E-9D1A-7B4C2A6E8F5D}.Release|x64.ActiveCfg = Release|Any CPU
		{E8B3D4B2-5C8A-4F2E-9D1A-7B4C2A6E8F5D}.Release|x64.Build.0 = Release|Any CPU
		{E8B3D4B2-5C8A-4F2E-9D1A-7B4C2A6E8F5D}.Release|x86.ActiveCfg = Release|Any CPU
		{E8B3D4B2-5C8A-4F2E-9D1A-7B4C2A6E8F5D}.Release|x86.Build.0 = Release|Any CPU
		{F9C4E5C3-6D9B-5A3F-AE2B-8C5D3B7F9E6E}.Debug|Any CPU.ActiveCfg = Debug|Any CPU
		{F9C4E5C3-6D9B-5A3F-AE2B-8C5D3B7F9E6E}.Debug|Any CPU.Build.0 = Debug|Any CPU
		{F9C4E5C3-6D9B-5A3F-AE2B-8C5D3B7F9E6E}.Debug|x64.ActiveCfg = Debug|Any CPU
		{F9C4E5C3-6D9B-5A3F-AE2B-8C5D3B7F9E6E}.Debug|x64.Build.0 = Debug|Any CPU
		{F9C4E5C3-6D9B-5A3F-AE2B-8C5D3B7F9E6E}.Debug|x86.ActiveCfg = Debug|Any CPU
		{F9C4E5C3-6D9B-5A3F-AE2B-8C5D3B7F9E6E}.Debug|x86.Build.0 = Debug|Any CPU
		{F9C4E5C3-6D9B-5A3F-AE2B-8C5D3B7F9E6E}.Release|Any CPU.ActiveCfg = Release|Any CPU
		{F9C4E5C3-6D9B-5A3F-AE2B-8C5D3B7F9E6E}.Release|Any CPU.Build.0 = Release|Any CPU
		{F9C4E5C3-6D9B-5A3F-AE2B-8C5D3B7F9E6E}.Release|x64.ActiveCfg = Release|Any CPU
		{F9C4E5C3-6D9B-5A3F-AE2B-8C5D3B7F9E6E}.Release|x64.Build.0 = Release|Any CPU
		{F9C4E5C3-6D9B-5A3F-AE2B-8C5D3B7F9E6E}.Release|x86.ActiveCfg = Release|Any CPU
		{F9C4E5C3-6D9B-5A3F-AE2B-8C5D3B7F9E6E}.Release|x86.Build.0 = Release|Any CPU
		{D7A2C1B0-4F6E-3E2D-1C0B-9A8B7C6D5E4F}.Debug|Any CPU.ActiveCfg = Debug|Any CPU
		{D7A2C1B0-4F6E-3E2D-1C0B-9A8B7C6D5E4F}.Debug|Any CPU.Build.0 = Debug|Any CPU
		{D7A2C1B0-4F6E-3E2D-1C0B-9A8B7C6D5E4F}.Debug|x64.ActiveCfg = Debug|Any CPU
		{D7A2C1B0-4F6E-3E2D-1C0B-9A8B7C6D5E4F}.Debug|x64.Build.0 = Debug|Any CPU
		{D7A2C1B0-4F6E-3E2D-1C0B-9A8B7C6D5E4F}.Debug|x86.ActiveCfg = Debug|Any CPU
		{D7A2C1B0-4F6E-3E2D-1C0B-9A8B7C6D5E4F}.Debug|x86.Build.0 = Debug|Any CPU
		{D7A2C1B0-4F6E-3E2D-1C0B-9A8B7C6D5E4F}.Release|Any CPU.ActiveCfg = Release|Any CPU
		{D7A2C1B0-4F6E-3E2D-1C0B-9A8B7C6D5E4F}.Release|Any CPU.Build.0 = Release|Any CPU
		{D7A2C1B0-4F6E-3E2D-1C0B-9A8B7C6D5E4F}.Release|x64.ActiveCfg = Release|Any CPU
		{D7A2C1B0-4F6E-3E2D-1C0B-9A8B7C6D5E4F}.Release|x64.Build.0 = Release|Any CPU
		{D7A2C1B0-4F6E-3E2D-1C0B-9A8B7C6D5E4F}.Release|x86.ActiveCfg = Release|Any CPU
		{D7A2C1B0-4F6E-3E2D-1C0B-9A8B7C6D5E4F}.Release|x86.Build.0 = Release|Any CPU
		{E8A3F2D1-7B0C-6C4A-BF3C-0D6E4C8F1A7B}.Debug|Any CPU.ActiveCfg = Debug|Any CPU
		{E8A3F2D1-7B0C-6C4A-BF3C-0D6E4C8F1A7B}.Debug|Any CPU.Build.0 = Debug|Any CPU
		{E8A3F2D1-7B0C-6C4A-BF3C-0D6E4C8F1A7B}.Debug|x64.ActiveCfg = Debug|Any CPU
		{E8A3F2D1-7B0C-6C4A-BF3C-0D6E4C8F1A7B}.Debug|x64.Build.0 = Debug|Any CPU
		{E8A3F2D1-7B0C-6C4A-BF3C-0D6E4C8F1A7B}.Debug|x86.ActiveCfg = Debug|Any CPU
		{E8A3F2D1-7B0C-6C4A-BF3C-0D6E4C8F1A7B}.Debug|x86.Build.0 = Debug|Any CPU
		{E8A3F2D1-7B0C-6C4A-BF3C-0D6E4C8F1A7B}.Release|Any CPU.ActiveCfg = Release|Any CPU
		{E8A3F2D1-7B0C-6C4A-BF3C-0D6E4C8F1A7B}.Release|Any CPU.Build.0 = Release|Any CPU
		{E8A3F2D1-7B0C-6C4A-BF3C-0D6E4C8F1A7B}.Release|x64.ActiveCfg = Release|Any CPU
		{E8A3F2D1-7B0C-6C4A-BF3C-0D6E4C8F1A7B}.Release|x64.Build.0 = Release|Any CPU
		{E8A3F2D1-7B0C-6C4A-BF3C-0D6E4C8F1A7B}.Release|x86.ActiveCfg = Release|Any CPU
		{E8A3F2D1-7B0C-6C4A-BF3C-0D6E4C8F1A7B}.Release|x86.Build.0 = Release|Any CPU
		{F0D5E4C3-8A1B-5D2E-CF4D-1E7F5A8B0D9C}.Debug|Any CPU.ActiveCfg = Debug|Any CPU
		{F0D5E4C3-8A1B-5D2E-CF4D-1E7F5A8B0D9C}.Debug|Any CPU.Build.0 = Debug|Any CPU
		{F0D5E4C3-8A1B-5D2E-CF4D-1E7F5A8B0D9C}.Debug|x64.ActiveCfg = Debug|Any CPU
		{F0D5E4C3-8A1B-5D2E-CF4D-1E7F5A8B0D9C}.Debug|x64.Build.0 = Debug|Any CPU
		{F0D5E4C3-8A1B-5D2E-CF4D-1E7F5A8B0D9C}.Debug|x86.ActiveCfg = Debug|Any CPU
		{F0D5E4C3-8A1B-5D2E-CF4D-1E7F5A8B0D9C}.Debug|x86.Build.0 = Debug|Any CPU
		{F0D5E4C3-8A1B-5D2E-CF4D-1E7F5A8B0D9C}.Release|Any CPU.ActiveCfg = Release|Any CPU
		{F0D5E4C3-8A1B-5D2E-CF4D-1E7F5A8B0D9C}.Release|Any CPU.Build.0 = Release|Any CPU
		{F0D5E4C3-8A1B-5D2E-CF4D-1E7F5A8B0D9C}.Release|x64.ActiveCfg = Release|Any CPU
		{F0D5E4C3-8A1B-5D2E-CF4D-1E7F5A8B0D9C}.Release|x64.Build.0 = Release|Any CPU
		{F0D5E4C3-8A1B-5D2E-CF4D-1E7F5A8B0D9C}.Release|x86.ActiveCfg = Release|Any CPU
		{F0D5E4C3-8A1B-5D2E-CF4D-1E7F5A8B0D9C}.Release|x86.Build.0 = Release|Any CPU
		{1F2E3D4C-5B6A-7D8E-9C0F-A1B2C3D4E5F6}.Debug|Any CPU.ActiveCfg = Debug|Any CPU
		{1F2E3D4C-5B6A-7D8E-9C0F-A1B2C3D4E5F6}.Debug|Any CPU.Build.0 = Debug|Any CPU
		{1F2E3D4C-5B6A-7D8E-9C0F-A1B2C3D4E5F6}.Debug|x64.ActiveCfg = Debug|Any CPU
		{1F2E3D4C-5B6A-7D8E-9C0F-A1B2C3D4E5F6}.Debug|x64.Build.0 = Debug|Any CPU
		{1F2E3D4C-5B6A-7D8E-9C0F-A1B2C3D4E5F6}.Debug|x86.ActiveCfg = Debug|Any CPU
		{1F2E3D4C-5B6A-7D8E-9C0F-A1B2C3D4E5F6}.Debug|x86.Build.0 = Debug|Any CPU
		{1F2E3D4C-5B6A-7D8E-9C0F-A1B2C3D4E5F6}.Release|Any CPU.ActiveCfg = Release|Any CPU
		{1F2E3D4C-5B6A-7D8E-9C0F-A1B2C3D4E5F6}.Release|Any CPU.Build.0 = Release|Any CPU
		{1F2E3D4C-5B6A-7D8E-9C0F-A1B2C3D4E5F6}.Release|x64.ActiveCfg = Release|Any CPU
		{1F2E3D4C-5B6A-7D8E-9C0F-A1B2C3D4E5F6}.Release|x64.Build.0 = Release|Any CPU
		{1F2E3D4C-5B6A-7D8E-9C0F-A1B2C3D4E5F6}.Release|x86.ActiveCfg = Release|Any CPU
		{1F2E3D4C-5B6A-7D8E-9C0F-A1B2C3D4E5F6}.Release|x86.Build.0 = Release|Any CPU
		{7CD4E5F6-8A9B-1C2D-3E4F-5A6B7C8D9E0F}.Debug|Any CPU.ActiveCfg = Debug|Any CPU
		{7CD4E5F6-8A9B-1C2D-3E4F-5A6B7C8D9E0F}.Debug|Any CPU.Build.0 = Debug|Any CPU
		{7CD4E5F6-8A9B-1C2D-3E4F-5A6B7C8D9E0F}.Debug|x64.ActiveCfg = Debug|Any CPU
		{7CD4E5F6-8A9B-1C2D-3E4F-5A6B7C8D9E0F}.Debug|x64.Build.0 = Debug|Any CPU
		{7CD4E5F6-8A9B-1C2D-3E4F-5A6B7C8D9E0F}.Debug|x86.ActiveCfg = Debug|Any CPU
		{7CD4E5F6-8A9B-1C2D-3E4F-5A6B7C8D9E0F}.Debug|x86.Build.0 = Debug|Any CPU
		{7CD4E5F6-8A9B-1C2D-3E4F-5A6B7C8D9E0F}.Release|Any CPU.ActiveCfg = Release|Any CPU
		{7CD4E5F6-8A9B-1C2D-3E4F-5A6B7C8D9E0F}.Release|Any CPU.Build.0 = Release|Any CPU
		{7CD4E5F6-8A9B-1C2D-3E4F-5A6B7C8D9E0F}.Release|x64.ActiveCfg = Release|Any CPU
		{7CD4E5F6-8A9B-1C2D-3E4F-5A6B7C8D9E0F}.Release|x64.Build.0 = Release|Any CPU
		{7CD4E5F6-8A9B-1C2D-3E4F-5A6B7C8D9E0F}.Release|x86.ActiveCfg = Release|Any CPU
		{7CD4E5F6-8A9B-1C2D-3E4F-5A6B7C8D9E0F}.Release|x86.Build.0 = Release|Any CPU
		{5749BB8C-2CCA-4668-BBFC-7CC26B6541EE}.Debug|Any CPU.ActiveCfg = Debug|Any CPU
		{5749BB8C-2CCA-4668-BBFC-7CC26B6541EE}.Debug|Any CPU.Build.0 = Debug|Any CPU
		{5749BB8C-2CCA-4668-BBFC-7CC26B6541EE}.Debug|x64.ActiveCfg = Debug|Any CPU
		{5749BB8C-2CCA-4668-BBFC-7CC26B6541EE}.Debug|x64.Build.0 = Debug|Any CPU
		{5749BB8C-2CCA-4668-BBFC-7CC26B6541EE}.Debug|x86.ActiveCfg = Debug|Any CPU
		{5749BB8C-2CCA-4668-BBFC-7CC26B6541EE}.Debug|x86.Build.0 = Debug|Any CPU
		{5749BB8C-2CCA-4668-BBFC-7CC26B6541EE}.Release|Any CPU.ActiveCfg = Release|Any CPU
		{5749BB8C-2CCA-4668-BBFC-7CC26B6541EE}.Release|Any CPU.Build.0 = Release|Any CPU
		{5749BB8C-2CCA-4668-BBFC-7CC26B6541EE}.Release|x64.ActiveCfg = Release|Any CPU
		{5749BB8C-2CCA-4668-BBFC-7CC26B6541EE}.Release|x64.Build.0 = Release|Any CPU
		{5749BB8C-2CCA-4668-BBFC-7CC26B6541EE}.Release|x86.ActiveCfg = Release|Any CPU
		{5749BB8C-2CCA-4668-BBFC-7CC26B6541EE}.Release|x86.Build.0 = Release|Any CPU
		{3A4B5C6D-7E8F-90A1-2B3C-4D5E6F7A8B9C}.Debug|Any CPU.ActiveCfg = Debug|Any CPU
		{3A4B5C6D-7E8F-90A1-2B3C-4D5E6F7A8B9C}.Debug|Any CPU.Build.0 = Debug|Any CPU
		{3A4B5C6D-7E8F-90A1-2B3C-4D5E6F7A8B9C}.Debug|x64.ActiveCfg = Debug|Any CPU
		{3A4B5C6D-7E8F-90A1-2B3C-4D5E6F7A8B9C}.Debug|x64.Build.0 = Debug|Any CPU
		{3A4B5C6D-7E8F-90A1-2B3C-4D5E6F7A8B9C}.Debug|x86.ActiveCfg = Debug|Any CPU
		{3A4B5C6D-7E8F-90A1-2B3C-4D5E6F7A8B9C}.Debug|x86.Build.0 = Debug|Any CPU
		{3A4B5C6D-7E8F-90A1-2B3C-4D5E6F7A8B9C}.Release|Any CPU.ActiveCfg = Release|Any CPU
		{3A4B5C6D-7E8F-90A1-2B3C-4D5E6F7A8B9C}.Release|Any CPU.Build.0 = Release|Any CPU
		{3A4B5C6D-7E8F-90A1-2B3C-4D5E6F7A8B9C}.Release|x64.ActiveCfg = Release|Any CPU
		{3A4B5C6D-7E8F-90A1-2B3C-4D5E6F7A8B9C}.Release|x64.Build.0 = Release|Any CPU
		{3A4B5C6D-7E8F-90A1-2B3C-4D5E6F7A8B9C}.Release|x86.ActiveCfg = Release|Any CPU
		{3A4B5C6D-7E8F-90A1-2B3C-4D5E6F7A8B9C}.Release|x86.Build.0 = Release|Any CPU
	EndGlobalSection
	GlobalSection(SolutionProperties) = preSolution
		HideSolutionNode = FALSE
	EndGlobalSection
	GlobalSection(NestedProjects) = preSolution
		{5D858129-BB53-446B-B8B8-C83D383F7F1C} = {12C92BB7-7D1A-49F5-AD96-2101FEE61C8E}
		{A1B2C3D4-E5F6-4A7B-8C9D-0E1F2A3B4C5D} = {0665B61D-B69C-4844-81E4-6E8110CABE7B}
		{A2B3C4D5-E6F7-5A8B-9C0D-1F2A3B4C5D6E} = {0665B61D-B69C-4844-81E4-6E8110CABE7B}
		{B2C3D4E5-F6A7-4B8C-9D0E-1F2A3B4C5D6E} = {0665B61D-B69C-4844-81E4-6E8110CABE7B}
		{C3787CB7-7901-40C8-AA03-662DF03668BD} = {0C5F2A1A-448C-4D64-B4DE-751E5D86FE31}
		{2DF1C2E9-3E06-4816-89FC-F7CD4CB69082} = {0C5F2A1A-448C-4D64-B4DE-751E5D86FE31}
		{AF4C4891-24DC-44EC-8344-4501EEC392F4} = {3BF80462-1EA2-4FFE-A341-48E1B0C1160D}
		{7423B159-3B05-49C7-B34D-7074F10DF00E} = {3BF80462-1EA2-4FFE-A341-48E1B0C1160D}
		{6BBBC9B6-F05F-4B3A-A9C7-3AAEF7E60FA9} = {1B2DF154-A3CA-4C1A-BD54-3DE2CA9FB5C3}
		{64BE75DB-7D9B-422A-9818-4B0D79CE5D7F} = {1B2DF154-A3CA-4C1A-BD54-3DE2CA9FB5C3}
		{E8B3D4B2-5C8A-4F2E-9D1A-7B4C2A6E8F5D} = {8CD6D3E8-A4D1-4D97-8DD7-FB5D0E81FA16}
		{F9C4E5C3-6D9B-5A3F-AE2B-8C5D3B7F9E6E} = {8CD6D3E8-A4D1-4D97-8DD7-FB5D0E81FA16}
		{D7A2C1B0-4F6E-3E2D-1C0B-9A8B7C6D5E4F} = {F364A6C7-9F23-448B-BB95-CC80656CD72D}
		{E8A3F2D1-7B0C-6C4A-BF3C-0D6E4C8F1A7B} = {F364A6C7-9F23-448B-BB95-CC80656CD72D}
		{F0D5E4C3-8A1B-5D2E-CF4D-1E7F5A8B0D9C} = {5126C3E5-4219-4B2B-BDA1-99009DA99C84}
		{1F2E3D4C-5B6A-7D8E-9C0F-A1B2C3D4E5F6} = {5126C3E5-4219-4B2B-BDA1-99009DA99C84}
		{7CD4E5F6-8A9B-1C2D-3E4F-5A6B7C8D9E0F} = {2FC43724-E8C2-4B4E-9EEC-EFB05BB23B3A}
		{5749BB8C-2CCA-4668-BBFC-7CC26B6541EE} = {2FC43724-E8C2-4B4E-9EEC-EFB05BB23B3A}
		{2FC43724-E8C2-4B4E-9EEC-EFB05BB23B3A} = {5126C3E5-4219-4B2B-BDA1-99009DA99C84}
		{1B2DF154-A3CA-4C1A-BD54-3DE2CA9FB5C3} = {3BF80462-1EA2-4FFE-A341-48E1B0C1160D}
	EndGlobalSection
	GlobalSection(ExtensibilityGlobals) = postSolution
		SolutionGuid = {6BE0AB9A-7987-4F1D-AEA9-4B7C85BBF04D}
	EndGlobalSection
EndGlobal
