
Microsoft Visual Studio Solution File, Format Version 12.00
# Visual Studio Version 18
VisualStudioVersion = 18.9.12112.369
MinimumVisualStudioVersion = 10.0.40219.1
Project("{2150E333-8FDC-42A3-9474-1A3956D46DE8}") = "Solution Items", "Solution Items", "{D5C4A655-22E7-4A58-95F3-CFE3CB273971}"
	ProjectSection(SolutionItems) = preProject
		..\.github\workflows\cibuild.yml = ..\.github\workflows\cibuild.yml
		Directory.Build.props = Directory.Build.props
		..\KoenZomers.RingApi.snk = ..\KoenZomers.RingApi.snk
	EndProjectSection
EndProject
Project("{2150E333-8FDC-42A3-9474-1A3956D46DE8}") = "Documentation", "Documentation", "{CEBD9E1A-A7B0-4182-AC64-88FBD06443D4}"
	ProjectSection(SolutionItems) = preProject
		..\README.md = ..\README.md
	EndProjectSection
EndProject
Project("{2150E333-8FDC-42A3-9474-1A3956D46DE8}") = "Images", "Images", "{A42BEE23-6DBF-4CA5-8589-A3DBB98EBF65}"
EndProject
Project("{2150E333-8FDC-42A3-9474-1A3956D46DE8}") = "Core", "Core", "{824C732C-BEE5-4764-9D43-A84C51CF3ABE}"
EndProject
Project("{2150E333-8FDC-42A3-9474-1A3956D46DE8}") = "Helpers", "Helpers", "{B55B245A-C3E1-4387-A716-1A53644E5D04}"
EndProject
Project("{2150E333-8FDC-42A3-9474-1A3956D46DE8}") = "Logging", "Logging", "{F3ABB64F-7E0C-42AC-A576-A537894BAA74}"
EndProject
Project("{2150E333-8FDC-42A3-9474-1A3956D46DE8}") = "Providers", "Providers", "{595F9270-A735-42DF-9729-C76712B44A56}"
EndProject
Project("{2150E333-8FDC-42A3-9474-1A3956D46DE8}") = "Ring", "Ring", "{C369D1D9-5968-481F-89F4-624B7E84104A}"
EndProject
Project("{2150E333-8FDC-42A3-9474-1A3956D46DE8}") = "Auth", "Auth", "{34416C51-2EA7-46B1-BE83-4C9CAB56F318}"
EndProject
Project("{2150E333-8FDC-42A3-9474-1A3956D46DE8}") = "Common", "Common", "{36E66DC1-D1F0-4435-B1C2-020E963ECD6F}"
EndProject
Project("{2150E333-8FDC-42A3-9474-1A3956D46DE8}") = "Core", "Core", "{56622BFB-02ED-45A6-997A-39337A30000D}"
EndProject
Project("{2150E333-8FDC-42A3-9474-1A3956D46DE8}") = "Forensics", "Forensics", "{B2B57812-958E-4B56-B0E3-1C0CC4A750B6}"
EndProject
Project("{2150E333-8FDC-42A3-9474-1A3956D46DE8}") = "Snapshots", "Snapshots", "{90DFB4E3-14A5-4C75-9E82-9F70B4ADE53F}"
EndProject
Project("{2150E333-8FDC-42A3-9474-1A3956D46DE8}") = "Metadata", "Metadata", "{2C16B17C-A2B2-4875-B874-6D84030C620E}"
EndProject
Project("{2150E333-8FDC-42A3-9474-1A3956D46DE8}") = "Utils", "Utils", "{A6D510C4-844D-43E7-9554-BE32C11CE232}"
EndProject
Project("{2150E333-8FDC-42A3-9474-1A3956D46DE8}") = "Video", "Video", "{D664BFE2-CACA-44CD-AB9C-A28BD255D623}"
EndProject
Project("{2150E333-8FDC-42A3-9474-1A3956D46DE8}") = "Metadata", "Metadata", "{FA98A3A9-3B82-4D5E-8509-06F4074B51B4}"
EndProject
Project("{2150E333-8FDC-42A3-9474-1A3956D46DE8}") = "Wyze", "Wyze", "{119783BF-3E0B-402B-821B-FBEA9D0D1348}"
EndProject
Project("{FAE04EC0-301F-11D3-BF4B-00C04F79EFBC}") = "VideoForensics.Forensics", "core\forensics\VideoForensics.Forensics.csproj", "{94F74D73-33D4-4A01-A4B3-26D1DF1C8C4C}"
EndProject
Project("{FAE04EC0-301F-11D3-BF4B-00C04F79EFBC}") = "VideoForensics.Providers.Common.Helpers", "core\helpers\VideoForensics.Providers.Common.Helpers.csproj", "{C0134A35-769A-4493-BBC4-9725965031EA}"
EndProject
Project("{FAE04EC0-301F-11D3-BF4B-00C04F79EFBC}") = "VideoForensics.Providers.Common.Helpers.Tests", "core\helpers-tests\VideoForensics.Providers.Common.Helpers.Tests.csproj", "{03CC4357-4FF4-4CC7-AB61-E7B57823B6A4}"
EndProject
Project("{FAE04EC0-301F-11D3-BF4B-00C04F79EFBC}") = "VideoForensics.Core.Logging", "core\logging\VideoForensics.Core.Logging.csproj", "{576C7CA3-2453-4DB8-8CB8-05170DB46274}"
EndProject
Project("{FAE04EC0-301F-11D3-BF4B-00C04F79EFBC}") = "VideoForensics.Core.Logging.Tests", "core\logging-tests\VideoForensics.Core.Logging.Tests.csproj", "{16610B91-3D13-4BA1-BFF1-4EAA9B760B8C}"
EndProject
Project("{FAE04EC0-301F-11D3-BF4B-00C04F79EFBC}") = "VideoForensics.Providers.Ring", "providers\ring\api\VideoForensics.Providers.Ring.csproj", "{4A129C5F-E68D-4AB9-BAEE-5C40C393C52E}"
EndProject
Project("{FAE04EC0-301F-11D3-BF4B-00C04F79EFBC}") = "VideoForensics.Providers.Ring.Auth", "providers\ring\auth\VideoForensics.Providers.Ring.Auth.csproj", "{67CC90AB-31E1-404A-9094-086677105AE3}"
EndProject
Project("{FAE04EC0-301F-11D3-BF4B-00C04F79EFBC}") = "VideoForensics.Providers.Ring.Auth.Tests", "providers\ring\auth\tests\VideoForensics.Providers.Ring.Auth.Tests.csproj", "{730E2D6C-85CD-485D-9462-3880698FB356}"
EndProject
Project("{FAE04EC0-301F-11D3-BF4B-00C04F79EFBC}") = "VideoForensics.Providers.Ring.Common", "providers\ring\common\VideoForensics.Providers.Ring.Common.csproj", "{C30E8C7F-A500-41BC-B8F4-6C3DDA45196E}"
EndProject
Project("{FAE04EC0-301F-11D3-BF4B-00C04F79EFBC}") = "VideoForensics.Providers.Ring.Common.Tests", "providers\ring\common\tests\VideoForensics.Providers.Ring.Common.Tests.csproj", "{360DE030-A6EC-4F04-9986-6F03428B1BB4}"
EndProject
Project("{FAE04EC0-301F-11D3-BF4B-00C04F79EFBC}") = "VideoForensics.Providers.Ring.Core", "providers\ring\core\VideoForensics.Providers.Ring.Core.csproj", "{1D066913-4AD9-4B75-AF3C-D5BE6D6C10CD}"
EndProject
Project("{FAE04EC0-301F-11D3-BF4B-00C04F79EFBC}") = "VideoForensics.Providers.Ring.Core.Tests", "providers\ring\core\tests\VideoForensics.Providers.Ring.Core.Tests.csproj", "{C3DA08C9-B370-4D22-9BD3-864A70413BD1}"
EndProject
Project("{FAE04EC0-301F-11D3-BF4B-00C04F79EFBC}") = "VideoForensics.Providers.Ring.Forensics", "providers\ring\forensics\VideoForensics.Providers.Ring.Forensics.csproj", "{2B378A89-D4ED-40A2-BA06-C492A2FFACE1}"
EndProject
Project("{FAE04EC0-301F-11D3-BF4B-00C04F79EFBC}") = "VideoForensics.Providers.Ring.Forensics.Tests", "providers\ring\forensics\tests\VideoForensics.Providers.Ring.Forensics.Tests.csproj", "{A70FD572-ADEA-4C58-9B67-F6AC9CC434AF}"
EndProject
Project("{FAE04EC0-301F-11D3-BF4B-00C04F79EFBC}") = "VideoForensics.Providers.Ring.Snapshots", "providers\ring\snapshots\VideoForensics.Providers.Ring.Snapshots.csproj", "{C52A2D4F-477A-43A8-B877-17A8377B3E61}"
EndProject
Project("{FAE04EC0-301F-11D3-BF4B-00C04F79EFBC}") = "VideoForensics.Providers.Ring.Snapshots.Tests", "providers\ring\snapshots\tests\VideoForensics.Providers.Ring.Snapshots.Tests.csproj", "{4C135C3B-1F22-4253-95F8-703458A4A6AA}"
EndProject
Project("{FAE04EC0-301F-11D3-BF4B-00C04F79EFBC}") = "VideoForensics.Providers.Ring.Snapshots.Metadata", "providers\ring\snapshots\metadata\VideoForensics.Providers.Ring.Snapshots.Metadata.csproj", "{85176CC1-71C3-4AF1-8DEF-53AF526A520A}"
EndProject
Project("{FAE04EC0-301F-11D3-BF4B-00C04F79EFBC}") = "VideoForensics.Providers.Ring.Snapshots.Metadata.Tests", "providers\ring\snapshots\metadata\tests\VideoForensics.Providers.Ring.Snapshots.Metadata.Tests.csproj", "{20D0546A-E444-4D9B-8F75-13A005C7781A}"
EndProject
Project("{FAE04EC0-301F-11D3-BF4B-00C04F79EFBC}") = "VideoForensics.Providers.Ring.Utils", "providers\ring\utils\VideoForensics.Providers.Ring.Utils.csproj", "{FDBC4D8D-F70A-434B-AE35-69A53BBB5499}"
EndProject
Project("{FAE04EC0-301F-11D3-BF4B-00C04F79EFBC}") = "VideoForensics.Providers.Ring.Utils.Tests", "providers\ring\utils\tests\VideoForensics.Providers.Ring.Utils.Tests.csproj", "{53BB0C4C-78E9-4CB1-BE07-7B710411DAF7}"
EndProject
Project("{FAE04EC0-301F-11D3-BF4B-00C04F79EFBC}") = "VideoForensics.Providers.Ring.Video", "providers\ring\video\VideoForensics.Providers.Ring.Video.csproj", "{A3CEF5C7-B178-4AF8-9450-FAF961476B28}"
EndProject
Project("{FAE04EC0-301F-11D3-BF4B-00C04F79EFBC}") = "VideoForensics.Providers.Ring.Video.Tests", "providers\ring\video\tests\VideoForensics.Providers.Ring.Video.Tests.csproj", "{109D88BA-F596-4032-8538-56EF56711C86}"
EndProject
Project("{FAE04EC0-301F-11D3-BF4B-00C04F79EFBC}") = "VideoForensics.Providers.Ring.Video.Metadata", "providers\ring\video\metadata\VideoForensics.Providers.Ring.Video.Metadata.csproj", "{C3783D3F-865D-4B7B-AC6A-1D90A60EBBD2}"
EndProject
Project("{FAE04EC0-301F-11D3-BF4B-00C04F79EFBC}") = "VideoForensics.Providers.Ring.Video.Metadata.Tests", "providers\ring\video\metadata\tests\VideoForensics.Providers.Ring.Video.Metadata.Tests.csproj", "{BBDB6FC8-0561-468D-90F4-9CC02E26706C}"
EndProject
Project("{FAE04EC0-301F-11D3-BF4B-00C04F79EFBC}") = "VideoForensics.Providers.Wyze", "providers\wyze\api\VideoForensics.Providers.Wyze.csproj", "{0E6DEFB7-EA52-47BF-9608-07AD81210574}"
EndProject
Project("{FAE04EC0-301F-11D3-BF4B-00C04F79EFBC}") = "VideoForensics.Providers.Wyze.Auth", "providers\wyze\auth\VideoForensics.Providers.Wyze.Auth.csproj", "{C8E6D540-0211-47AD-9B7A-BAB17AA1E7A7}"
EndProject
Project("{FAE04EC0-301F-11D3-BF4B-00C04F79EFBC}") = "VideoForensics.Providers.Wyze.Common", "providers\wyze\common\VideoForensics.Providers.Wyze.Common.csproj", "{86F5F29B-9E25-490A-9A4A-B81B63A438A5}"
EndProject
Project("{FAE04EC0-301F-11D3-BF4B-00C04F79EFBC}") = "VideoForensics.Providers.Wyze.Core", "providers\wyze\core\VideoForensics.Providers.Wyze.Core.csproj", "{164F791C-1AD5-43AE-8E94-510CE3F15F1A}"
EndProject
Project("{FAE04EC0-301F-11D3-BF4B-00C04F79EFBC}") = "VideoForensics.Providers.Wyze.Utils", "providers\wyze\utils\VideoForensics.Providers.Wyze.Utils.csproj", "{68F63071-B08B-4582-9B4C-B6640E1872AE}"
EndProject
Project("{FAE04EC0-301F-11D3-BF4B-00C04F79EFBC}") = "VideoForensics.Providers.Ring.SelfTester", "selftest\VideoForensics.Providers.Ring.SelfTester.csproj", "{B7B9E348-6433-44D0-853D-413A5B2D6A7A}"
EndProject
Global
	GlobalSection(SolutionConfigurationPlatforms) = preSolution
		Debug|Any CPU = Debug|Any CPU
		Debug|x64 = Debug|x64
		Debug|x86 = Debug|x86
		Release|Any CPU = Release|Any CPU
		Release|x64 = Release|x64
		Release|x86 = Release|x86
	EndGlobalSection
	GlobalSection(ProjectConfigurationPlatforms) = postSolution
		{94F74D73-33D4-4A01-A4B3-26D1DF1C8C4C}.Debug|Any CPU.ActiveCfg = Debug|Any CPU
		{94F74D73-33D4-4A01-A4B3-26D1DF1C8C4C}.Debug|Any CPU.Build.0 = Debug|Any CPU
		{94F74D73-33D4-4A01-A4B3-26D1DF1C8C4C}.Debug|x64.ActiveCfg = Debug|Any CPU
		{94F74D73-33D4-4A01-A4B3-26D1DF1C8C4C}.Debug|x64.Build.0 = Debug|Any CPU
		{94F74D73-33D4-4A01-A4B3-26D1DF1C8C4C}.Debug|x86.ActiveCfg = Debug|Any CPU
		{94F74D73-33D4-4A01-A4B3-26D1DF1C8C4C}.Debug|x86.Build.0 = Debug|Any CPU
		{94F74D73-33D4-4A01-A4B3-26D1DF1C8C4C}.Release|Any CPU.ActiveCfg = Release|Any CPU
		{94F74D73-33D4-4A01-A4B3-26D1DF1C8C4C}.Release|Any CPU.Build.0 = Release|Any CPU
		{94F74D73-33D4-4A01-A4B3-26D1DF1C8C4C}.Release|x64.ActiveCfg = Release|Any CPU
		{94F74D73-33D4-4A01-A4B3-26D1DF1C8C4C}.Release|x64.Build.0 = Release|Any CPU
		{94F74D73-33D4-4A01-A4B3-26D1DF1C8C4C}.Release|x86.ActiveCfg = Release|Any CPU
		{94F74D73-33D4-4A01-A4B3-26D1DF1C8C4C}.Release|x86.Build.0 = Release|Any CPU
		{C0134A35-769A-4493-BBC4-9725965031EA}.Debug|Any CPU.ActiveCfg = Debug|Any CPU
		{C0134A35-769A-4493-BBC4-9725965031EA}.Debug|Any CPU.Build.0 = Debug|Any CPU
		{C0134A35-769A-4493-BBC4-9725965031EA}.Debug|x64.ActiveCfg = Debug|Any CPU
		{C0134A35-769A-4493-BBC4-9725965031EA}.Debug|x64.Build.0 = Debug|Any CPU
		{C0134A35-769A-4493-BBC4-9725965031EA}.Debug|x86.ActiveCfg = Debug|Any CPU
		{C0134A35-769A-4493-BBC4-9725965031EA}.Debug|x86.Build.0 = Debug|Any CPU
		{C0134A35-769A-4493-BBC4-9725965031EA}.Release|Any CPU.ActiveCfg = Release|Any CPU
		{C0134A35-769A-4493-BBC4-9725965031EA}.Release|Any CPU.Build.0 = Release|Any CPU
		{C0134A35-769A-4493-BBC4-9725965031EA}.Release|x64.ActiveCfg = Release|Any CPU
		{C0134A35-769A-4493-BBC4-9725965031EA}.Release|x64.Build.0 = Release|Any CPU
		{C0134A35-769A-4493-BBC4-9725965031EA}.Release|x86.ActiveCfg = Release|Any CPU
		{C0134A35-769A-4493-BBC4-9725965031EA}.Release|x86.Build.0 = Release|Any CPU
		{03CC4357-4FF4-4CC7-AB61-E7B57823B6A4}.Debug|Any CPU.ActiveCfg = Debug|Any CPU
		{03CC4357-4FF4-4CC7-AB61-E7B57823B6A4}.Debug|Any CPU.Build.0 = Debug|Any CPU
		{03CC4357-4FF4-4CC7-AB61-E7B57823B6A4}.Debug|x64.ActiveCfg = Debug|Any CPU
		{03CC4357-4FF4-4CC7-AB61-E7B57823B6A4}.Debug|x64.Build.0 = Debug|Any CPU
		{03CC4357-4FF4-4CC7-AB61-E7B57823B6A4}.Debug|x86.ActiveCfg = Debug|Any CPU
		{03CC4357-4FF4-4CC7-AB61-E7B57823B6A4}.Debug|x86.Build.0 = Debug|Any CPU
		{03CC4357-4FF4-4CC7-AB61-E7B57823B6A4}.Release|Any CPU.ActiveCfg = Release|Any CPU
		{03CC4357-4FF4-4CC7-AB61-E7B57823B6A4}.Release|Any CPU.Build.0 = Release|Any CPU
		{03CC4357-4FF4-4CC7-AB61-E7B57823B6A4}.Release|x64.ActiveCfg = Release|Any CPU
		{03CC4357-4FF4-4CC7-AB61-E7B57823B6A4}.Release|x64.Build.0 = Release|Any CPU
		{03CC4357-4FF4-4CC7-AB61-E7B57823B6A4}.Release|x86.ActiveCfg = Release|Any CPU
		{03CC4357-4FF4-4CC7-AB61-E7B57823B6A4}.Release|x86.Build.0 = Release|Any CPU
		{576C7CA3-2453-4DB8-8CB8-05170DB46274}.Debug|Any CPU.ActiveCfg = Debug|Any CPU
		{576C7CA3-2453-4DB8-8CB8-05170DB46274}.Debug|Any CPU.Build.0 = Debug|Any CPU
		{576C7CA3-2453-4DB8-8CB8-05170DB46274}.Debug|x64.ActiveCfg = Debug|Any CPU
		{576C7CA3-2453-4DB8-8CB8-05170DB46274}.Debug|x64.Build.0 = Debug|Any CPU
		{576C7CA3-2453-4DB8-8CB8-05170DB46274}.Debug|x86.ActiveCfg = Debug|Any CPU
		{576C7CA3-2453-4DB8-8CB8-05170DB46274}.Debug|x86.Build.0 = Debug|Any CPU
		{576C7CA3-2453-4DB8-8CB8-05170DB46274}.Release|Any CPU.ActiveCfg = Release|Any CPU
		{576C7CA3-2453-4DB8-8CB8-05170DB46274}.Release|Any CPU.Build.0 = Release|Any CPU
		{576C7CA3-2453-4DB8-8CB8-05170DB46274}.Release|x64.ActiveCfg = Release|Any CPU
		{576C7CA3-2453-4DB8-8CB8-05170DB46274}.Release|x64.Build.0 = Release|Any CPU
		{576C7CA3-2453-4DB8-8CB8-05170DB46274}.Release|x86.ActiveCfg = Release|Any CPU
		{576C7CA3-2453-4DB8-8CB8-05170DB46274}.Release|x86.Build.0 = Release|Any CPU
		{16610B91-3D13-4BA1-BFF1-4EAA9B760B8C}.Debug|Any CPU.ActiveCfg = Debug|Any CPU
		{16610B91-3D13-4BA1-BFF1-4EAA9B760B8C}.Debug|Any CPU.Build.0 = Debug|Any CPU
		{16610B91-3D13-4BA1-BFF1-4EAA9B760B8C}.Debug|x64.ActiveCfg = Debug|Any CPU
		{16610B91-3D13-4BA1-BFF1-4EAA9B760B8C}.Debug|x64.Build.0 = Debug|Any CPU
		{16610B91-3D13-4BA1-BFF1-4EAA9B760B8C}.Debug|x86.ActiveCfg = Debug|Any CPU
		{16610B91-3D13-4BA1-BFF1-4EAA9B760B8C}.Debug|x86.Build.0 = Debug|Any CPU
		{16610B91-3D13-4BA1-BFF1-4EAA9B760B8C}.Release|Any CPU.ActiveCfg = Release|Any CPU
		{16610B91-3D13-4BA1-BFF1-4EAA9B760B8C}.Release|Any CPU.Build.0 = Release|Any CPU
		{16610B91-3D13-4BA1-BFF1-4EAA9B760B8C}.Release|x64.ActiveCfg = Release|Any CPU
		{16610B91-3D13-4BA1-BFF1-4EAA9B760B8C}.Release|x64.Build.0 = Release|Any CPU
		{16610B91-3D13-4BA1-BFF1-4EAA9B760B8C}.Release|x86.ActiveCfg = Release|Any CPU
		{16610B91-3D13-4BA1-BFF1-4EAA9B760B8C}.Release|x86.Build.0 = Release|Any CPU
		{4A129C5F-E68D-4AB9-BAEE-5C40C393C52E}.Debug|Any CPU.ActiveCfg = Debug|Any CPU
		{4A129C5F-E68D-4AB9-BAEE-5C40C393C52E}.Debug|Any CPU.Build.0 = Debug|Any CPU
		{4A129C5F-E68D-4AB9-BAEE-5C40C393C52E}.Debug|x64.ActiveCfg = Debug|Any CPU
		{4A129C5F-E68D-4AB9-BAEE-5C40C393C52E}.Debug|x64.Build.0 = Debug|Any CPU
		{4A129C5F-E68D-4AB9-BAEE-5C40C393C52E}.Debug|x86.ActiveCfg = Debug|Any CPU
		{4A129C5F-E68D-4AB9-BAEE-5C40C393C52E}.Debug|x86.Build.0 = Debug|Any CPU
		{4A129C5F-E68D-4AB9-BAEE-5C40C393C52E}.Release|Any CPU.ActiveCfg = Release|Any CPU
		{4A129C5F-E68D-4AB9-BAEE-5C40C393C52E}.Release|Any CPU.Build.0 = Release|Any CPU
		{4A129C5F-E68D-4AB9-BAEE-5C40C393C52E}.Release|x64.ActiveCfg = Release|Any CPU
		{4A129C5F-E68D-4AB9-BAEE-5C40C393C52E}.Release|x64.Build.0 = Release|Any CPU
		{4A129C5F-E68D-4AB9-BAEE-5C40C393C52E}.Release|x86.ActiveCfg = Release|Any CPU
		{4A129C5F-E68D-4AB9-BAEE-5C40C393C52E}.Release|x86.Build.0 = Release|Any CPU
		{67CC90AB-31E1-404A-9094-086677105AE3}.Debug|Any CPU.ActiveCfg = Debug|Any CPU
		{67CC90AB-31E1-404A-9094-086677105AE3}.Debug|Any CPU.Build.0 = Debug|Any CPU
		{67CC90AB-31E1-404A-9094-086677105AE3}.Debug|x64.ActiveCfg = Debug|Any CPU
		{67CC90AB-31E1-404A-9094-086677105AE3}.Debug|x64.Build.0 = Debug|Any CPU
		{67CC90AB-31E1-404A-9094-086677105AE3}.Debug|x86.ActiveCfg = Debug|Any CPU
		{67CC90AB-31E1-404A-9094-086677105AE3}.Debug|x86.Build.0 = Debug|Any CPU
		{67CC90AB-31E1-404A-9094-086677105AE3}.Release|Any CPU.ActiveCfg = Release|Any CPU
		{67CC90AB-31E1-404A-9094-086677105AE3}.Release|Any CPU.Build.0 = Release|Any CPU
		{67CC90AB-31E1-404A-9094-086677105AE3}.Release|x64.ActiveCfg = Release|Any CPU
		{67CC90AB-31E1-404A-9094-086677105AE3}.Release|x64.Build.0 = Release|Any CPU
		{67CC90AB-31E1-404A-9094-086677105AE3}.Release|x86.ActiveCfg = Release|Any CPU
		{67CC90AB-31E1-404A-9094-086677105AE3}.Release|x86.Build.0 = Release|Any CPU
		{730E2D6C-85CD-485D-9462-3880698FB356}.Debug|Any CPU.ActiveCfg = Debug|Any CPU
		{730E2D6C-85CD-485D-9462-3880698FB356}.Debug|Any CPU.Build.0 = Debug|Any CPU
		{730E2D6C-85CD-485D-9462-3880698FB356}.Debug|x64.ActiveCfg = Debug|Any CPU
		{730E2D6C-85CD-485D-9462-3880698FB356}.Debug|x64.Build.0 = Debug|Any CPU
		{730E2D6C-85CD-485D-9462-3880698FB356}.Debug|x86.ActiveCfg = Debug|Any CPU
		{730E2D6C-85CD-485D-9462-3880698FB356}.Debug|x86.Build.0 = Debug|Any CPU
		{730E2D6C-85CD-485D-9462-3880698FB356}.Release|Any CPU.ActiveCfg = Release|Any CPU
		{730E2D6C-85CD-485D-9462-3880698FB356}.Release|Any CPU.Build.0 = Release|Any CPU
		{730E2D6C-85CD-485D-9462-3880698FB356}.Release|x64.ActiveCfg = Release|Any CPU
		{730E2D6C-85CD-485D-9462-3880698FB356}.Release|x64.Build.0 = Release|Any CPU
		{730E2D6C-85CD-485D-9462-3880698FB356}.Release|x86.ActiveCfg = Release|Any CPU
		{730E2D6C-85CD-485D-9462-3880698FB356}.Release|x86.Build.0 = Release|Any CPU
		{C30E8C7F-A500-41BC-B8F4-6C3DDA45196E}.Debug|Any CPU.ActiveCfg = Debug|Any CPU
		{C30E8C7F-A500-41BC-B8F4-6C3DDA45196E}.Debug|Any CPU.Build.0 = Debug|Any CPU
		{C30E8C7F-A500-41BC-B8F4-6C3DDA45196E}.Debug|x64.ActiveCfg = Debug|Any CPU
		{C30E8C7F-A500-41BC-B8F4-6C3DDA45196E}.Debug|x64.Build.0 = Debug|Any CPU
		{C30E8C7F-A500-41BC-B8F4-6C3DDA45196E}.Debug|x86.ActiveCfg = Debug|Any CPU
		{C30E8C7F-A500-41BC-B8F4-6C3DDA45196E}.Debug|x86.Build.0 = Debug|Any CPU
		{C30E8C7F-A500-41BC-B8F4-6C3DDA45196E}.Release|Any CPU.ActiveCfg = Release|Any CPU
		{C30E8C7F-A500-41BC-B8F4-6C3DDA45196E}.Release|Any CPU.Build.0 = Release|Any CPU
		{C30E8C7F-A500-41BC-B8F4-6C3DDA45196E}.Release|x64.ActiveCfg = Release|Any CPU
		{C30E8C7F-A500-41BC-B8F4-6C3DDA45196E}.Release|x64.Build.0 = Release|Any CPU
		{C30E8C7F-A500-41BC-B8F4-6C3DDA45196E}.Release|x86.ActiveCfg = Release|Any CPU
		{C30E8C7F-A500-41BC-B8F4-6C3DDA45196E}.Release|x86.Build.0 = Release|Any CPU
		{360DE030-A6EC-4F04-9986-6F03428B1BB4}.Debug|Any CPU.ActiveCfg = Debug|Any CPU
		{360DE030-A6EC-4F04-9986-6F03428B1BB4}.Debug|Any CPU.Build.0 = Debug|Any CPU
		{360DE030-A6EC-4F04-9986-6F03428B1BB4}.Debug|x64.ActiveCfg = Debug|Any CPU
		{360DE030-A6EC-4F04-9986-6F03428B1BB4}.Debug|x64.Build.0 = Debug|Any CPU
		{360DE030-A6EC-4F04-9986-6F03428B1BB4}.Debug|x86.ActiveCfg = Debug|Any CPU
		{360DE030-A6EC-4F04-9986-6F03428B1BB4}.Debug|x86.Build.0 = Debug|Any CPU
		{360DE030-A6EC-4F04-9986-6F03428B1BB4}.Release|Any CPU.ActiveCfg = Release|Any CPU
		{360DE030-A6EC-4F04-9986-6F03428B1BB4}.Release|Any CPU.Build.0 = Release|Any CPU
		{360DE030-A6EC-4F04-9986-6F03428B1BB4}.Release|x64.ActiveCfg = Release|Any CPU
		{360DE030-A6EC-4F04-9986-6F03428B1BB4}.Release|x64.Build.0 = Release|Any CPU
		{360DE030-A6EC-4F04-9986-6F03428B1BB4}.Release|x86.ActiveCfg = Release|Any CPU
		{360DE030-A6EC-4F04-9986-6F03428B1BB4}.Release|x86.Build.0 = Release|Any CPU
		{1D066913-4AD9-4B75-AF3C-D5BE6D6C10CD}.Debug|Any CPU.ActiveCfg = Debug|Any CPU
		{1D066913-4AD9-4B75-AF3C-D5BE6D6C10CD}.Debug|Any CPU.Build.0 = Debug|Any CPU
		{1D066913-4AD9-4B75-AF3C-D5BE6D6C10CD}.Debug|x64.ActiveCfg = Debug|Any CPU
		{1D066913-4AD9-4B75-AF3C-D5BE6D6C10CD}.Debug|x64.Build.0 = Debug|Any CPU
		{1D066913-4AD9-4B75-AF3C-D5BE6D6C10CD}.Debug|x86.ActiveCfg = Debug|Any CPU
		{1D066913-4AD9-4B75-AF3C-D5BE6D6C10CD}.Debug|x86.Build.0 = Debug|Any CPU
		{1D066913-4AD9-4B75-AF3C-D5BE6D6C10CD}.Release|Any CPU.ActiveCfg = Release|Any CPU
		{1D066913-4AD9-4B75-AF3C-D5BE6D6C10CD}.Release|Any CPU.Build.0 = Release|Any CPU
		{1D066913-4AD9-4B75-AF3C-D5BE6D6C10CD}.Release|x64.ActiveCfg = Release|Any CPU
		{1D066913-4AD9-4B75-AF3C-D5BE6D6C10CD}.Release|x64.Build.0 = Release|Any CPU
		{1D066913-4AD9-4B75-AF3C-D5BE6D6C10CD}.Release|x86.ActiveCfg = Release|Any CPU
		{1D066913-4AD9-4B75-AF3C-D5BE6D6C10CD}.Release|x86.Build.0 = Release|Any CPU
		{C3DA08C9-B370-4D22-9BD3-864A70413BD1}.Debug|Any CPU.ActiveCfg = Debug|Any CPU
		{C3DA08C9-B370-4D22-9BD3-864A70413BD1}.Debug|Any CPU.Build.0 = Debug|Any CPU
		{C3DA08C9-B370-4D22-9BD3-864A70413BD1}.Debug|x64.ActiveCfg = Debug|Any CPU
		{C3DA08C9-B370-4D22-9BD3-864A70413BD1}.Debug|x64.Build.0 = Debug|Any CPU
		{C3DA08C9-B370-4D22-9BD3-864A70413BD1}.Debug|x86.ActiveCfg = Debug|Any CPU
		{C3DA08C9-B370-4D22-9BD3-864A70413BD1}.Debug|x86.Build.0 = Debug|Any CPU
		{C3DA08C9-B370-4D22-9BD3-864A70413BD1}.Release|Any CPU.ActiveCfg = Release|Any CPU
		{C3DA08C9-B370-4D22-9BD3-864A70413BD1}.Release|Any CPU.Build.0 = Release|Any CPU
		{C3DA08C9-B370-4D22-9BD3-864A70413BD1}.Release|x64.ActiveCfg = Release|Any CPU
		{C3DA08C9-B370-4D22-9BD3-864A70413BD1}.Release|x64.Build.0 = Release|Any CPU
		{C3DA08C9-B370-4D22-9BD3-864A70413BD1}.Release|x86.ActiveCfg = Release|Any CPU
		{C3DA08C9-B370-4D22-9BD3-864A70413BD1}.Release|x86.Build.0 = Release|Any CPU
		{2B378A89-D4ED-40A2-BA06-C492A2FFACE1}.Debug|Any CPU.ActiveCfg = Debug|Any CPU
		{2B378A89-D4ED-40A2-BA06-C492A2FFACE1}.Debug|Any CPU.Build.0 = Debug|Any CPU
		{2B378A89-D4ED-40A2-BA06-C492A2FFACE1}.Debug|x64.ActiveCfg = Debug|Any CPU
		{2B378A89-D4ED-40A2-BA06-C492A2FFACE1}.Debug|x64.Build.0 = Debug|Any CPU
		{2B378A89-D4ED-40A2-BA06-C492A2FFACE1}.Debug|x86.ActiveCfg = Debug|Any CPU
		{2B378A89-D4ED-40A2-BA06-C492A2FFACE1}.Debug|x86.Build.0 = Debug|Any CPU
		{2B378A89-D4ED-40A2-BA06-C492A2FFACE1}.Release|Any CPU.ActiveCfg = Release|Any CPU
		{2B378A89-D4ED-40A2-BA06-C492A2FFACE1}.Release|Any CPU.Build.0 = Release|Any CPU
		{2B378A89-D4ED-40A2-BA06-C492A2FFACE1}.Release|x64.ActiveCfg = Release|Any CPU
		{2B378A89-D4ED-40A2-BA06-C492A2FFACE1}.Release|x64.Build.0 = Release|Any CPU
		{2B378A89-D4ED-40A2-BA06-C492A2FFACE1}.Release|x86.ActiveCfg = Release|Any CPU
		{2B378A89-D4ED-40A2-BA06-C492A2FFACE1}.Release|x86.Build.0 = Release|Any CPU
		{A70FD572-ADEA-4C58-9B67-F6AC9CC434AF}.Debug|Any CPU.ActiveCfg = Debug|Any CPU
		{A70FD572-ADEA-4C58-9B67-F6AC9CC434AF}.Debug|Any CPU.Build.0 = Debug|Any CPU
		{A70FD572-ADEA-4C58-9B67-F6AC9CC434AF}.Debug|x64.ActiveCfg = Debug|Any CPU
		{A70FD572-ADEA-4C58-9B67-F6AC9CC434AF}.Debug|x64.Build.0 = Debug|Any CPU
		{A70FD572-ADEA-4C58-9B67-F6AC9CC434AF}.Debug|x86.ActiveCfg = Debug|Any CPU
		{A70FD572-ADEA-4C58-9B67-F6AC9CC434AF}.Debug|x86.Build.0 = Debug|Any CPU
		{A70FD572-ADEA-4C58-9B67-F6AC9CC434AF}.Release|Any CPU.ActiveCfg = Release|Any CPU
		{A70FD572-ADEA-4C58-9B67-F6AC9CC434AF}.Release|Any CPU.Build.0 = Release|Any CPU
		{A70FD572-ADEA-4C58-9B67-F6AC9CC434AF}.Release|x64.ActiveCfg = Release|Any CPU
		{A70FD572-ADEA-4C58-9B67-F6AC9CC434AF}.Release|x64.Build.0 = Release|Any CPU
		{A70FD572-ADEA-4C58-9B67-F6AC9CC434AF}.Release|x86.ActiveCfg = Release|Any CPU
		{A70FD572-ADEA-4C58-9B67-F6AC9CC434AF}.Release|x86.Build.0 = Release|Any CPU
		{C52A2D4F-477A-43A8-B877-17A8377B3E61}.Debug|Any CPU.ActiveCfg = Debug|Any CPU
		{C52A2D4F-477A-43A8-B877-17A8377B3E61}.Debug|Any CPU.Build.0 = Debug|Any CPU
		{C52A2D4F-477A-43A8-B877-17A8377B3E61}.Debug|x64.ActiveCfg = Debug|Any CPU
		{C52A2D4F-477A-43A8-B877-17A8377B3E61}.Debug|x64.Build.0 = Debug|Any CPU
		{C52A2D4F-477A-43A8-B877-17A8377B3E61}.Debug|x86.ActiveCfg = Debug|Any CPU
		{C52A2D4F-477A-43A8-B877-17A8377B3E61}.Debug|x86.Build.0 = Debug|Any CPU
		{C52A2D4F-477A-43A8-B877-17A8377B3E61}.Release|Any CPU.ActiveCfg = Release|Any CPU
		{C52A2D4F-477A-43A8-B877-17A8377B3E61}.Release|Any CPU.Build.0 = Release|Any CPU
		{C52A2D4F-477A-43A8-B877-17A8377B3E61}.Release|x64.ActiveCfg = Release|Any CPU
		{C52A2D4F-477A-43A8-B877-17A8377B3E61}.Release|x64.Build.0 = Release|Any CPU
		{C52A2D4F-477A-43A8-B877-17A8377B3E61}.Release|x86.ActiveCfg = Release|Any CPU
		{C52A2D4F-477A-43A8-B877-17A8377B3E61}.Release|x86.Build.0 = Release|Any CPU
		{4C135C3B-1F22-4253-95F8-703458A4A6AA}.Debug|Any CPU.ActiveCfg = Debug|Any CPU
		{4C135C3B-1F22-4253-95F8-703458A4A6AA}.Debug|Any CPU.Build.0 = Debug|Any CPU
		{4C135C3B-1F22-4253-95F8-703458A4A6AA}.Debug|x64.ActiveCfg = Debug|Any CPU
		{4C135C3B-1F22-4253-95F8-703458A4A6AA}.Debug|x64.Build.0 = Debug|Any CPU
		{4C135C3B-1F22-4253-95F8-703458A4A6AA}.Debug|x86.ActiveCfg = Debug|Any CPU
		{4C135C3B-1F22-4253-95F8-703458A4A6AA}.Debug|x86.Build.0 = Debug|Any CPU
		{4C135C3B-1F22-4253-95F8-703458A4A6AA}.Release|Any CPU.ActiveCfg = Release|Any CPU
		{4C135C3B-1F22-4253-95F8-703458A4A6AA}.Release|Any CPU.Build.0 = Release|Any CPU
		{4C135C3B-1F22-4253-95F8-703458A4A6AA}.Release|x64.ActiveCfg = Release|Any CPU
		{4C135C3B-1F22-4253-95F8-703458A4A6AA}.Release|x64.Build.0 = Release|Any CPU
		{4C135C3B-1F22-4253-95F8-703458A4A6AA}.Release|x86.ActiveCfg = Release|Any CPU
		{4C135C3B-1F22-4253-95F8-703458A4A6AA}.Release|x86.Build.0 = Release|Any CPU
		{85176CC1-71C3-4AF1-8DEF-53AF526A520A}.Debug|Any CPU.ActiveCfg = Debug|Any CPU
		{85176CC1-71C3-4AF1-8DEF-53AF526A520A}.Debug|Any CPU.Build.0 = Debug|Any CPU
		{85176CC1-71C3-4AF1-8DEF-53AF526A520A}.Debug|x64.ActiveCfg = Debug|Any CPU
		{85176CC1-71C3-4AF1-8DEF-53AF526A520A}.Debug|x64.Build.0 = Debug|Any CPU
		{85176CC1-71C3-4AF1-8DEF-53AF526A520A}.Debug|x86.ActiveCfg = Debug|Any CPU
		{85176CC1-71C3-4AF1-8DEF-53AF526A520A}.Debug|x86.Build.0 = Debug|Any CPU
		{85176CC1-71C3-4AF1-8DEF-53AF526A520A}.Release|Any CPU.ActiveCfg = Release|Any CPU
		{85176CC1-71C3-4AF1-8DEF-53AF526A520A}.Release|Any CPU.Build.0 = Release|Any CPU
		{85176CC1-71C3-4AF1-8DEF-53AF526A520A}.Release|x64.ActiveCfg = Release|Any CPU
		{85176CC1-71C3-4AF1-8DEF-53AF526A520A}.Release|x64.Build.0 = Release|Any CPU
		{85176CC1-71C3-4AF1-8DEF-53AF526A520A}.Release|x86.ActiveCfg = Release|Any CPU
		{85176CC1-71C3-4AF1-8DEF-53AF526A520A}.Release|x86.Build.0 = Release|Any CPU
		{20D0546A-E444-4D9B-8F75-13A005C7781A}.Debug|Any CPU.ActiveCfg = Debug|Any CPU
		{20D0546A-E444-4D9B-8F75-13A005C7781A}.Debug|Any CPU.Build.0 = Debug|Any CPU
		{20D0546A-E444-4D9B-8F75-13A005C7781A}.Debug|x64.ActiveCfg = Debug|Any CPU
		{20D0546A-E444-4D9B-8F75-13A005C7781A}.Debug|x64.Build.0 = Debug|Any CPU
		{20D0546A-E444-4D9B-8F75-13A005C7781A}.Debug|x86.ActiveCfg = Debug|Any CPU
		{20D0546A-E444-4D9B-8F75-13A005C7781A}.Debug|x86.Build.0 = Debug|Any CPU
		{20D0546A-E444-4D9B-8F75-13A005C7781A}.Release|Any CPU.ActiveCfg = Release|Any CPU
		{20D0546A-E444-4D9B-8F75-13A005C7781A}.Release|Any CPU.Build.0 = Release|Any CPU
		{20D0546A-E444-4D9B-8F75-13A005C7781A}.Release|x64.ActiveCfg = Release|Any CPU
		{20D0546A-E444-4D9B-8F75-13A005C7781A}.Release|x64.Build.0 = Release|Any CPU
		{20D0546A-E444-4D9B-8F75-13A005C7781A}.Release|x86.ActiveCfg = Release|Any CPU
		{20D0546A-E444-4D9B-8F75-13A005C7781A}.Release|x86.Build.0 = Release|Any CPU
		{FDBC4D8D-F70A-434B-AE35-69A53BBB5499}.Debug|Any CPU.ActiveCfg = Debug|Any CPU
		{FDBC4D8D-F70A-434B-AE35-69A53BBB5499}.Debug|Any CPU.Build.0 = Debug|Any CPU
		{FDBC4D8D-F70A-434B-AE35-69A53BBB5499}.Debug|x64.ActiveCfg = Debug|Any CPU
		{FDBC4D8D-F70A-434B-AE35-69A53BBB5499}.Debug|x64.Build.0 = Debug|Any CPU
		{FDBC4D8D-F70A-434B-AE35-69A53BBB5499}.Debug|x86.ActiveCfg = Debug|Any CPU
		{FDBC4D8D-F70A-434B-AE35-69A53BBB5499}.Debug|x86.Build.0 = Debug|Any CPU
		{FDBC4D8D-F70A-434B-AE35-69A53BBB5499}.Release|Any CPU.ActiveCfg = Release|Any CPU
		{FDBC4D8D-F70A-434B-AE35-69A53BBB5499}.Release|Any CPU.Build.0 = Release|Any CPU
		{FDBC4D8D-F70A-434B-AE35-69A53BBB5499}.Release|x64.ActiveCfg = Release|Any CPU
		{FDBC4D8D-F70A-434B-AE35-69A53BBB5499}.Release|x64.Build.0 = Release|Any CPU
		{FDBC4D8D-F70A-434B-AE35-69A53BBB5499}.Release|x86.ActiveCfg = Release|Any CPU
		{FDBC4D8D-F70A-434B-AE35-69A53BBB5499}.Release|x86.Build.0 = Release|Any CPU
		{53BB0C4C-78E9-4CB1-BE07-7B710411DAF7}.Debug|Any CPU.ActiveCfg = Debug|Any CPU
		{53BB0C4C-78E9-4CB1-BE07-7B710411DAF7}.Debug|Any CPU.Build.0 = Debug|Any CPU
		{53BB0C4C-78E9-4CB1-BE07-7B710411DAF7}.Debug|x64.ActiveCfg = Debug|Any CPU
		{53BB0C4C-78E9-4CB1-BE07-7B710411DAF7}.Debug|x64.Build.0 = Debug|Any CPU
		{53BB0C4C-78E9-4CB1-BE07-7B710411DAF7}.Debug|x86.ActiveCfg = Debug|Any CPU
		{53BB0C4C-78E9-4CB1-BE07-7B710411DAF7}.Debug|x86.Build.0 = Debug|Any CPU
		{53BB0C4C-78E9-4CB1-BE07-7B710411DAF7}.Release|Any CPU.ActiveCfg = Release|Any CPU
		{53BB0C4C-78E9-4CB1-BE07-7B710411DAF7}.Release|Any CPU.Build.0 = Release|Any CPU
		{53BB0C4C-78E9-4CB1-BE07-7B710411DAF7}.Release|x64.ActiveCfg = Release|Any CPU
		{53BB0C4C-78E9-4CB1-BE07-7B710411DAF7}.Release|x64.Build.0 = Release|Any CPU
		{53BB0C4C-78E9-4CB1-BE07-7B710411DAF7}.Release|x86.ActiveCfg = Release|Any CPU
		{53BB0C4C-78E9-4CB1-BE07-7B710411DAF7}.Release|x86.Build.0 = Release|Any CPU
		{A3CEF5C7-B178-4AF8-9450-FAF961476B28}.Debug|Any CPU.ActiveCfg = Debug|Any CPU
		{A3CEF5C7-B178-4AF8-9450-FAF961476B28}.Debug|Any CPU.Build.0 = Debug|Any CPU
		{A3CEF5C7-B178-4AF8-9450-FAF961476B28}.Debug|x64.ActiveCfg = Debug|Any CPU
		{A3CEF5C7-B178-4AF8-9450-FAF961476B28}.Debug|x64.Build.0 = Debug|Any CPU
		{A3CEF5C7-B178-4AF8-9450-FAF961476B28}.Debug|x86.ActiveCfg = Debug|Any CPU
		{A3CEF5C7-B178-4AF8-9450-FAF961476B28}.Debug|x86.Build.0 = Debug|Any CPU
		{A3CEF5C7-B178-4AF8-9450-FAF961476B28}.Release|Any CPU.ActiveCfg = Release|Any CPU
		{A3CEF5C7-B178-4AF8-9450-FAF961476B28}.Release|Any CPU.Build.0 = Release|Any CPU
		{A3CEF5C7-B178-4AF8-9450-FAF961476B28}.Release|x64.ActiveCfg = Release|Any CPU
		{A3CEF5C7-B178-4AF8-9450-FAF961476B28}.Release|x64.Build.0 = Release|Any CPU
		{A3CEF5C7-B178-4AF8-9450-FAF961476B28}.Release|x86.ActiveCfg = Release|Any CPU
		{A3CEF5C7-B178-4AF8-9450-FAF961476B28}.Release|x86.Build.0 = Release|Any CPU
		{109D88BA-F596-4032-8538-56EF56711C86}.Debug|Any CPU.ActiveCfg = Debug|Any CPU
		{109D88BA-F596-4032-8538-56EF56711C86}.Debug|Any CPU.Build.0 = Debug|Any CPU
		{109D88BA-F596-4032-8538-56EF56711C86}.Debug|x64.ActiveCfg = Debug|Any CPU
		{109D88BA-F596-4032-8538-56EF56711C86}.Debug|x64.Build.0 = Debug|Any CPU
		{109D88BA-F596-4032-8538-56EF56711C86}.Debug|x86.ActiveCfg = Debug|Any CPU
		{109D88BA-F596-4032-8538-56EF56711C86}.Debug|x86.Build.0 = Debug|Any CPU
		{109D88BA-F596-4032-8538-56EF56711C86}.Release|Any CPU.ActiveCfg = Release|Any CPU
		{109D88BA-F596-4032-8538-56EF56711C86}.Release|Any CPU.Build.0 = Release|Any CPU
		{109D88BA-F596-4032-8538-56EF56711C86}.Release|x64.ActiveCfg = Release|Any CPU
		{109D88BA-F596-4032-8538-56EF56711C86}.Release|x64.Build.0 = Release|Any CPU
		{109D88BA-F596-4032-8538-56EF56711C86}.Release|x86.ActiveCfg = Release|Any CPU
		{109D88BA-F596-4032-8538-56EF56711C86}.Release|x86.Build.0 = Release|Any CPU
		{C3783D3F-865D-4B7B-AC6A-1D90A60EBBD2}.Debug|Any CPU.ActiveCfg = Debug|Any CPU
		{C3783D3F-865D-4B7B-AC6A-1D90A60EBBD2}.Debug|Any CPU.Build.0 = Debug|Any CPU
		{C3783D3F-865D-4B7B-AC6A-1D90A60EBBD2}.Debug|x64.ActiveCfg = Debug|Any CPU
		{C3783D3F-865D-4B7B-AC6A-1D90A60EBBD2}.Debug|x64.Build.0 = Debug|Any CPU
		{C3783D3F-865D-4B7B-AC6A-1D90A60EBBD2}.Debug|x86.ActiveCfg = Debug|Any CPU
		{C3783D3F-865D-4B7B-AC6A-1D90A60EBBD2}.Debug|x86.Build.0 = Debug|Any CPU
		{C3783D3F-865D-4B7B-AC6A-1D90A60EBBD2}.Release|Any CPU.ActiveCfg = Release|Any CPU
		{C3783D3F-865D-4B7B-AC6A-1D90A60EBBD2}.Release|Any CPU.Build.0 = Release|Any CPU
		{C3783D3F-865D-4B7B-AC6A-1D90A60EBBD2}.Release|x64.ActiveCfg = Release|Any CPU
		{C3783D3F-865D-4B7B-AC6A-1D90A60EBBD2}.Release|x64.Build.0 = Release|Any CPU
		{C3783D3F-865D-4B7B-AC6A-1D90A60EBBD2}.Release|x86.ActiveCfg = Release|Any CPU
		{C3783D3F-865D-4B7B-AC6A-1D90A60EBBD2}.Release|x86.Build.0 = Release|Any CPU
		{BBDB6FC8-0561-468D-90F4-9CC02E26706C}.Debug|Any CPU.ActiveCfg = Debug|Any CPU
		{BBDB6FC8-0561-468D-90F4-9CC02E26706C}.Debug|Any CPU.Build.0 = Debug|Any CPU
		{BBDB6FC8-0561-468D-90F4-9CC02E26706C}.Debug|x64.ActiveCfg = Debug|Any CPU
		{BBDB6FC8-0561-468D-90F4-9CC02E26706C}.Debug|x64.Build.0 = Debug|Any CPU
		{BBDB6FC8-0561-468D-90F4-9CC02E26706C}.Debug|x86.ActiveCfg = Debug|Any CPU
		{BBDB6FC8-0561-468D-90F4-9CC02E26706C}.Debug|x86.Build.0 = Debug|Any CPU
		{BBDB6FC8-0561-468D-90F4-9CC02E26706C}.Release|Any CPU.ActiveCfg = Release|Any CPU
		{BBDB6FC8-0561-468D-90F4-9CC02E26706C}.Release|Any CPU.Build.0 = Release|Any CPU
		{BBDB6FC8-0561-468D-90F4-9CC02E26706C}.Release|x64.ActiveCfg = Release|Any CPU
		{BBDB6FC8-0561-468D-90F4-9CC02E26706C}.Release|x64.Build.0 = Release|Any CPU
		{BBDB6FC8-0561-468D-90F4-9CC02E26706C}.Release|x86.ActiveCfg = Release|Any CPU
		{BBDB6FC8-0561-468D-90F4-9CC02E26706C}.Release|x86.Build.0 = Release|Any CPU
		{0E6DEFB7-EA52-47BF-9608-07AD81210574}.Debug|Any CPU.ActiveCfg = Debug|Any CPU
		{0E6DEFB7-EA52-47BF-9608-07AD81210574}.Debug|Any CPU.Build.0 = Debug|Any CPU
		{0E6DEFB7-EA52-47BF-9608-07AD81210574}.Debug|x64.ActiveCfg = Debug|Any CPU
		{0E6DEFB7-EA52-47BF-9608-07AD81210574}.Debug|x64.Build.0 = Debug|Any CPU
		{0E6DEFB7-EA52-47BF-9608-07AD81210574}.Debug|x86.ActiveCfg = Debug|Any CPU
		{0E6DEFB7-EA52-47BF-9608-07AD81210574}.Debug|x86.Build.0 = Debug|Any CPU
		{0E6DEFB7-EA52-47BF-9608-07AD81210574}.Release|Any CPU.ActiveCfg = Release|Any CPU
		{0E6DEFB7-EA52-47BF-9608-07AD81210574}.Release|Any CPU.Build.0 = Release|Any CPU
		{0E6DEFB7-EA52-47BF-9608-07AD81210574}.Release|x64.ActiveCfg = Release|Any CPU
		{0E6DEFB7-EA52-47BF-9608-07AD81210574}.Release|x64.Build.0 = Release|Any CPU
		{0E6DEFB7-EA52-47BF-9608-07AD81210574}.Release|x86.ActiveCfg = Release|Any CPU
		{0E6DEFB7-EA52-47BF-9608-07AD81210574}.Release|x86.Build.0 = Release|Any CPU
		{C8E6D540-0211-47AD-9B7A-BAB17AA1E7A7}.Debug|Any CPU.ActiveCfg = Debug|Any CPU
		{C8E6D540-0211-47AD-9B7A-BAB17AA1E7A7}.Debug|Any CPU.Build.0 = Debug|Any CPU
		{C8E6D540-0211-47AD-9B7A-BAB17AA1E7A7}.Debug|x64.ActiveCfg = Debug|Any CPU
		{C8E6D540-0211-47AD-9B7A-BAB17AA1E7A7}.Debug|x64.Build.0 = Debug|Any CPU
		{C8E6D540-0211-47AD-9B7A-BAB17AA1E7A7}.Debug|x86.ActiveCfg = Debug|Any CPU
		{C8E6D540-0211-47AD-9B7A-BAB17AA1E7A7}.Debug|x86.Build.0 = Debug|Any CPU
		{C8E6D540-0211-47AD-9B7A-BAB17AA1E7A7}.Release|Any CPU.ActiveCfg = Release|Any CPU
		{C8E6D540-0211-47AD-9B7A-BAB17AA1E7A7}.Release|Any CPU.Build.0 = Release|Any CPU
		{C8E6D540-0211-47AD-9B7A-BAB17AA1E7A7}.Release|x64.ActiveCfg = Release|Any CPU
		{C8E6D540-0211-47AD-9B7A-BAB17AA1E7A7}.Release|x64.Build.0 = Release|Any CPU
		{C8E6D540-0211-47AD-9B7A-BAB17AA1E7A7}.Release|x86.ActiveCfg = Release|Any CPU
		{C8E6D540-0211-47AD-9B7A-BAB17AA1E7A7}.Release|x86.Build.0 = Release|Any CPU
		{86F5F29B-9E25-490A-9A4A-B81B63A438A5}.Debug|Any CPU.ActiveCfg = Debug|Any CPU
		{86F5F29B-9E25-490A-9A4A-B81B63A438A5}.Debug|Any CPU.Build.0 = Debug|Any CPU
		{86F5F29B-9E25-490A-9A4A-B81B63A438A5}.Debug|x64.ActiveCfg = Debug|Any CPU
		{86F5F29B-9E25-490A-9A4A-B81B63A438A5}.Debug|x64.Build.0 = Debug|Any CPU
		{86F5F29B-9E25-490A-9A4A-B81B63A438A5}.Debug|x86.ActiveCfg = Debug|Any CPU
		{86F5F29B-9E25-490A-9A4A-B81B63A438A5}.Debug|x86.Build.0 = Debug|Any CPU
		{86F5F29B-9E25-490A-9A4A-B81B63A438A5}.Release|Any CPU.ActiveCfg = Release|Any CPU
		{86F5F29B-9E25-490A-9A4A-B81B63A438A5}.Release|Any CPU.Build.0 = Release|Any CPU
		{86F5F29B-9E25-490A-9A4A-B81B63A438A5}.Release|x64.ActiveCfg = Release|Any CPU
		{86F5F29B-9E25-490A-9A4A-B81B63A438A5}.Release|x64.Build.0 = Release|Any CPU
		{86F5F29B-9E25-490A-9A4A-B81B63A438A5}.Release|x86.ActiveCfg = Release|Any CPU
		{86F5F29B-9E25-490A-9A4A-B81B63A438A5}.Release|x86.Build.0 = Release|Any CPU
		{164F791C-1AD5-43AE-8E94-510CE3F15F1A}.Debug|Any CPU.ActiveCfg = Debug|Any CPU
		{164F791C-1AD5-43AE-8E94-510CE3F15F1A}.Debug|Any CPU.Build.0 = Debug|Any CPU
		{164F791C-1AD5-43AE-8E94-510CE3F15F1A}.Debug|x64.ActiveCfg = Debug|Any CPU
		{164F791C-1AD5-43AE-8E94-510CE3F15F1A}.Debug|x64.Build.0 = Debug|Any CPU
		{164F791C-1AD5-43AE-8E94-510CE3F15F1A}.Debug|x86.ActiveCfg = Debug|Any CPU
		{164F791C-1AD5-43AE-8E94-510CE3F15F1A}.Debug|x86.Build.0 = Debug|Any CPU
		{164F791C-1AD5-43AE-8E94-510CE3F15F1A}.Release|Any CPU.ActiveCfg = Release|Any CPU
		{164F791C-1AD5-43AE-8E94-510CE3F15F1A}.Release|Any CPU.Build.0 = Release|Any CPU
		{164F791C-1AD5-43AE-8E94-510CE3F15F1A}.Release|x64.ActiveCfg = Release|Any CPU
		{164F791C-1AD5-43AE-8E94-510CE3F15F1A}.Release|x64.Build.0 = Release|Any CPU
		{164F791C-1AD5-43AE-8E94-510CE3F15F1A}.Release|x86.ActiveCfg = Release|Any CPU
		{164F791C-1AD5-43AE-8E94-510CE3F15F1A}.Release|x86.Build.0 = Release|Any CPU
		{68F63071-B08B-4582-9B4C-B6640E1872AE}.Debug|Any CPU.ActiveCfg = Debug|Any CPU
		{68F63071-B08B-4582-9B4C-B6640E1872AE}.Debug|Any CPU.Build.0 = Debug|Any CPU
		{68F63071-B08B-4582-9B4C-B6640E1872AE}.Debug|x64.ActiveCfg = Debug|Any CPU
		{68F63071-B08B-4582-9B4C-B6640E1872AE}.Debug|x64.Build.0 = Debug|Any CPU
		{68F63071-B08B-4582-9B4C-B6640E1872AE}.Debug|x86.ActiveCfg = Debug|Any CPU
		{68F63071-B08B-4582-9B4C-B6640E1872AE}.Debug|x86.Build.0 = Debug|Any CPU
		{68F63071-B08B-4582-9B4C-B6640E1872AE}.Release|Any CPU.ActiveCfg = Release|Any CPU
		{68F63071-B08B-4582-9B4C-B6640E1872AE}.Release|Any CPU.Build.0 = Release|Any CPU
		{68F63071-B08B-4582-9B4C-B6640E1872AE}.Release|x64.ActiveCfg = Release|Any CPU
		{68F63071-B08B-4582-9B4C-B6640E1872AE}.Release|x64.Build.0 = Release|Any CPU
		{68F63071-B08B-4582-9B4C-B6640E1872AE}.Release|x86.ActiveCfg = Release|Any CPU
		{68F63071-B08B-4582-9B4C-B6640E1872AE}.Release|x86.Build.0 = Release|Any CPU
		{B7B9E348-6433-44D0-853D-413A5B2D6A7A}.Debug|Any CPU.ActiveCfg = Debug|Any CPU
		{B7B9E348-6433-44D0-853D-413A5B2D6A7A}.Debug|Any CPU.Build.0 = Debug|Any CPU
		{B7B9E348-6433-44D0-853D-413A5B2D6A7A}.Debug|x64.ActiveCfg = Debug|Any CPU
		{B7B9E348-6433-44D0-853D-413A5B2D6A7A}.Debug|x64.Build.0 = Debug|Any CPU
		{B7B9E348-6433-44D0-853D-413A5B2D6A7A}.Debug|x86.ActiveCfg = Debug|Any CPU
		{B7B9E348-6433-44D0-853D-413A5B2D6A7A}.Debug|x86.Build.0 = Debug|Any CPU
		{B7B9E348-6433-44D0-853D-413A5B2D6A7A}.Release|Any CPU.ActiveCfg = Release|Any CPU
		{B7B9E348-6433-44D0-853D-413A5B2D6A7A}.Release|Any CPU.Build.0 = Release|Any CPU
		{B7B9E348-6433-44D0-853D-413A5B2D6A7A}.Release|x64.ActiveCfg = Release|Any CPU
		{B7B9E348-6433-44D0-853D-413A5B2D6A7A}.Release|x64.Build.0 = Release|Any CPU
		{B7B9E348-6433-44D0-853D-413A5B2D6A7A}.Release|x86.ActiveCfg = Release|Any CPU
		{B7B9E348-6433-44D0-853D-413A5B2D6A7A}.Release|x86.Build.0 = Release|Any CPU
	EndGlobalSection
	GlobalSection(SolutionProperties) = preSolution
		HideSolutionNode = FALSE
	EndGlobalSection
	GlobalSection(NestedProjects) = preSolution
		{B55B245A-C3E1-4387-A716-1A53644E5D04} = {824C732C-BEE5-4764-9D43-A84C51CF3ABE}
		{F3ABB64F-7E0C-42AC-A576-A537894BAA74} = {824C732C-BEE5-4764-9D43-A84C51CF3ABE}
		{C369D1D9-5968-481F-89F4-624B7E84104A} = {595F9270-A735-42DF-9729-C76712B44A56}
		{34416C51-2EA7-46B1-BE83-4C9CAB56F318} = {C369D1D9-5968-481F-89F4-624B7E84104A}
		{36E66DC1-D1F0-4435-B1C2-020E963ECD6F} = {C369D1D9-5968-481F-89F4-624B7E84104A}
		{56622BFB-02ED-45A6-997A-39337A30000D} = {C369D1D9-5968-481F-89F4-624B7E84104A}
		{B2B57812-958E-4B56-B0E3-1C0CC4A750B6} = {C369D1D9-5968-481F-89F4-624B7E84104A}
		{90DFB4E3-14A5-4C75-9E82-9F70B4ADE53F} = {C369D1D9-5968-481F-89F4-624B7E84104A}
		{2C16B17C-A2B2-4875-B874-6D84030C620E} = {90DFB4E3-14A5-4C75-9E82-9F70B4ADE53F}
		{A6D510C4-844D-43E7-9554-BE32C11CE232} = {C369D1D9-5968-481F-89F4-624B7E84104A}
		{D664BFE2-CACA-44CD-AB9C-A28BD255D623} = {C369D1D9-5968-481F-89F4-624B7E84104A}
		{FA98A3A9-3B82-4D5E-8509-06F4074B51B4} = {D664BFE2-CACA-44CD-AB9C-A28BD255D623}
		{119783BF-3E0B-402B-821B-FBEA9D0D1348} = {595F9270-A735-42DF-9729-C76712B44A56}
		{94F74D73-33D4-4A01-A4B3-26D1DF1C8C4C} = {824C732C-BEE5-4764-9D43-A84C51CF3ABE}
		{C0134A35-769A-4493-BBC4-9725965031EA} = {B55B245A-C3E1-4387-A716-1A53644E5D04}
		{03CC4357-4FF4-4CC7-AB61-E7B57823B6A4} = {B55B245A-C3E1-4387-A716-1A53644E5D04}
		{576C7CA3-2453-4DB8-8CB8-05170DB46274} = {F3ABB64F-7E0C-42AC-A576-A537894BAA74}
		{16610B91-3D13-4BA1-BFF1-4EAA9B760B8C} = {F3ABB64F-7E0C-42AC-A576-A537894BAA74}
		{4A129C5F-E68D-4AB9-BAEE-5C40C393C52E} = {C369D1D9-5968-481F-89F4-624B7E84104A}
		{67CC90AB-31E1-404A-9094-086677105AE3} = {34416C51-2EA7-46B1-BE83-4C9CAB56F318}
		{730E2D6C-85CD-485D-9462-3880698FB356} = {34416C51-2EA7-46B1-BE83-4C9CAB56F318}
		{C30E8C7F-A500-41BC-B8F4-6C3DDA45196E} = {36E66DC1-D1F0-4435-B1C2-020E963ECD6F}
		{360DE030-A6EC-4F04-9986-6F03428B1BB4} = {36E66DC1-D1F0-4435-B1C2-020E963ECD6F}
		{1D066913-4AD9-4B75-AF3C-D5BE6D6C10CD} = {56622BFB-02ED-45A6-997A-39337A30000D}
		{C3DA08C9-B370-4D22-9BD3-864A70413BD1} = {56622BFB-02ED-45A6-997A-39337A30000D}
		{2B378A89-D4ED-40A2-BA06-C492A2FFACE1} = {B2B57812-958E-4B56-B0E3-1C0CC4A750B6}
		{A70FD572-ADEA-4C58-9B67-F6AC9CC434AF} = {B2B57812-958E-4B56-B0E3-1C0CC4A750B6}
		{C52A2D4F-477A-43A8-B877-17A8377B3E61} = {90DFB4E3-14A5-4C75-9E82-9F70B4ADE53F}
		{4C135C3B-1F22-4253-95F8-703458A4A6AA} = {90DFB4E3-14A5-4C75-9E82-9F70B4ADE53F}
		{85176CC1-71C3-4AF1-8DEF-53AF526A520A} = {2C16B17C-A2B2-4875-B874-6D84030C620E}
		{20D0546A-E444-4D9B-8F75-13A005C7781A} = {2C16B17C-A2B2-4875-B874-6D84030C620E}
		{FDBC4D8D-F70A-434B-AE35-69A53BBB5499} = {A6D510C4-844D-43E7-9554-BE32C11CE232}
		{53BB0C4C-78E9-4CB1-BE07-7B710411DAF7} = {A6D510C4-844D-43E7-9554-BE32C11CE232}
		{A3CEF5C7-B178-4AF8-9450-FAF961476B28} = {D664BFE2-CACA-44CD-AB9C-A28BD255D623}
		{109D88BA-F596-4032-8538-56EF56711C86} = {D664BFE2-CACA-44CD-AB9C-A28BD255D623}
		{C3783D3F-865D-4B7B-AC6A-1D90A60EBBD2} = {FA98A3A9-3B82-4D5E-8509-06F4074B51B4}
		{BBDB6FC8-0561-468D-90F4-9CC02E26706C} = {FA98A3A9-3B82-4D5E-8509-06F4074B51B4}
		{0E6DEFB7-EA52-47BF-9608-07AD81210574} = {119783BF-3E0B-402B-821B-FBEA9D0D1348}
		{C8E6D540-0211-47AD-9B7A-BAB17AA1E7A7} = {119783BF-3E0B-402B-821B-FBEA9D0D1348}
		{86F5F29B-9E25-490A-9A4A-B81B63A438A5} = {119783BF-3E0B-402B-821B-FBEA9D0D1348}
		{164F791C-1AD5-43AE-8E94-510CE3F15F1A} = {119783BF-3E0B-402B-821B-FBEA9D0D1348}
		{68F63071-B08B-4582-9B4C-B6640E1872AE} = {119783BF-3E0B-402B-821B-FBEA9D0D1348}
	EndGlobalSection
	GlobalSection(ExtensibilityGlobals) = postSolution
		SolutionGuid = {0A26D63D-6C1B-48E6-A63E-21B84CAD0BA2}
	EndGlobalSection
EndGlobal
